// !$*UTF8*$!
{
	archiveVersion = 1;
	classes = {
	};
	objectVersion = 46;
	objects = {

/* Begin PBXBuildFile section */
		8408BCD21B75E93700C73932 /* LQNewsListVC.m in Sources */ = {isa = PBXBuildFile; fileRef = 8408BCD11B75E93700C73932 /* LQNewsListVC.m */; };
		840A00851B72ED9A007F7E78 /* AFHTTPRequestOperation.m in Sources */ = {isa = PBXBuildFile; fileRef = 840A00611B72ED99007F7E78 /* AFHTTPRequestOperation.m */; };
		840A00861B72ED9A007F7E78 /* AFHTTPRequestOperationManager.m in Sources */ = {isa = PBXBuildFile; fileRef = 840A00631B72ED99007F7E78 /* AFHTTPRequestOperationManager.m */; };
		840A00871B72ED9A007F7E78 /* AFHTTPSessionManager.m in Sources */ = {isa = PBXBuildFile; fileRef = 840A00651B72ED99007F7E78 /* AFHTTPSessionManager.m */; };
		840A00881B72ED9A007F7E78 /* AFNetworkReachabilityManager.m in Sources */ = {isa = PBXBuildFile; fileRef = 840A00681B72ED99007F7E78 /* AFNetworkReachabilityManager.m */; };
		840A00891B72ED9A007F7E78 /* AFSecurityPolicy.m in Sources */ = {isa = PBXBuildFile; fileRef = 840A006A1B72ED99007F7E78 /* AFSecurityPolicy.m */; };
		840A008A1B72ED9A007F7E78 /* AFURLConnectionOperation.m in Sources */ = {isa = PBXBuildFile; fileRef = 840A006C1B72ED99007F7E78 /* AFURLConnectionOperation.m */; };
		840A008B1B72ED9A007F7E78 /* AFURLRequestSerialization.m in Sources */ = {isa = PBXBuildFile; fileRef = 840A006E1B72ED99007F7E78 /* AFURLRequestSerialization.m */; };
		840A008C1B72ED9A007F7E78 /* AFURLResponseSerialization.m in Sources */ = {isa = PBXBuildFile; fileRef = 840A00701B72ED99007F7E78 /* AFURLResponseSerialization.m */; };
		840A008D1B72ED9A007F7E78 /* AFURLSessionManager.m in Sources */ = {isa = PBXBuildFile; fileRef = 840A00721B72ED99007F7E78 /* AFURLSessionManager.m */; };
		840A008E1B72ED9A007F7E78 /* MJExtensionConst.m in Sources */ = {isa = PBXBuildFile; fileRef = 840A00761B72ED99007F7E78 /* MJExtensionConst.m */; };
		840A008F1B72ED9A007F7E78 /* MJFoundation.m in Sources */ = {isa = PBXBuildFile; fileRef = 840A00781B72ED99007F7E78 /* MJFoundation.m */; };
		840A00901B72ED9A007F7E78 /* MJProperty.m in Sources */ = {isa = PBXBuildFile; fileRef = 840A007A1B72ED99007F7E78 /* MJProperty.m */; };
		840A00911B72ED9A007F7E78 /* MJType.m in Sources */ = {isa = PBXBuildFile; fileRef = 840A007C1B72ED99007F7E78 /* MJType.m */; };
		840A00921B72ED9A007F7E78 /* NSObject+MJCoding.m in Sources */ = {isa = PBXBuildFile; fileRef = 840A007E1B72ED99007F7E78 /* NSObject+MJCoding.m */; };
		840A00931B72ED9A007F7E78 /* NSObject+MJKeyValue.m in Sources */ = {isa = PBXBuildFile; fileRef = 840A00801B72ED99007F7E78 /* NSObject+MJKeyValue.m */; };
		840A00941B72ED9A007F7E78 /* NSObject+MJProperty.m in Sources */ = {isa = PBXBuildFile; fileRef = 840A00821B72ED9A007F7E78 /* NSObject+MJProperty.m */; };
		840A00951B72ED9A007F7E78 /* NSString+MJExtension.m in Sources */ = {isa = PBXBuildFile; fileRef = 840A00841B72ED9A007F7E78 /* NSString+MJExtension.m */; };
		840F65291B6F3C6A0024B11A /* LQLoginVC.m in Sources */ = {isa = PBXBuildFile; fileRef = 840F65271B6F3C6A0024B11A /* LQLoginVC.m */; };
		840F652A1B6F3C6A0024B11A /* LQLoginVC.xib in Resources */ = {isa = PBXBuildFile; fileRef = 840F65281B6F3C6A0024B11A /* LQLoginVC.xib */; };
		840F65301B6F428C0024B11A /* LeftSlideViewController.m in Sources */ = {isa = PBXBuildFile; fileRef = 840F652D1B6F428C0024B11A /* LeftSlideViewController.m */; };
		840F65311B6F428C0024B11A /* UIView_extra.m in Sources */ = {isa = PBXBuildFile; fileRef = 840F652F1B6F428C0024B11A /* UIView_extra.m */; };
		840F65341B6F567C0024B11A /* LQOneLevelBaseVC.m in Sources */ = {isa = PBXBuildFile; fileRef = 840F65331B6F567C0024B11A /* LQOneLevelBaseVC.m */; };
		840F65381B6F63060024B11A /* LQRegisteredAccountVC.m in Sources */ = {isa = PBXBuildFile; fileRef = 840F65361B6F63060024B11A /* LQRegisteredAccountVC.m */; };
		840F65391B6F63060024B11A /* LQRegisteredAccountVC.xib in Resources */ = {isa = PBXBuildFile; fileRef = 840F65371B6F63060024B11A /* LQRegisteredAccountVC.xib */; };
		8417A77E1B607CD700B80F54 /* LQHomePageControlView.m in Sources */ = {isa = PBXBuildFile; fileRef = 8417A77D1B607CD700B80F54 /* LQHomePageControlView.m */; };
		845243801B69CBC2006E8E26 /* LQNewFeatureVC.m in Sources */ = {isa = PBXBuildFile; fileRef = 8452437E1B69CBC2006E8E26 /* LQNewFeatureVC.m */; };
		845243811B69CBC2006E8E26 /* LQNewFeatureVC.xib in Resources */ = {isa = PBXBuildFile; fileRef = 8452437F1B69CBC2006E8E26 /* LQNewFeatureVC.xib */; };
		847C0C9D1B6B66DD00340448 /* UIColor+LQExtension.m in Sources */ = {isa = PBXBuildFile; fileRef = 847C0C9C1B6B66DD00340448 /* UIColor+LQExtension.m */; };
		84835C171B72FC89001859E9 /* LQNewsList.m in Sources */ = {isa = PBXBuildFile; fileRef = 84835C161B72FC89001859E9 /* LQNewsList.m */; };
		84835C201B72FF2C001859E9 /* CJSONDeserializer.m in Sources */ = {isa = PBXBuildFile; fileRef = 84835C1A1B72FF2C001859E9 /* CJSONDeserializer.m */; };
		84835C211B72FF2C001859E9 /* CJSONSerializer.m in Sources */ = {isa = PBXBuildFile; fileRef = 84835C1C1B72FF2C001859E9 /* CJSONSerializer.m */; };
		84835C221B72FF2C001859E9 /* NSDictionary_JSONExtensions.m in Sources */ = {isa = PBXBuildFile; fileRef = 84835C1F1B72FF2C001859E9 /* NSDictionary_JSONExtensions.m */; };
		84835C311B733AC7001859E9 /* LQNewsClass.m in Sources */ = {isa = PBXBuildFile; fileRef = 84835C301B733AC7001859E9 /* LQNewsClass.m */; };
		84835C341B733B38001859E9 /* LQNewsClassData.m in Sources */ = {isa = PBXBuildFile; fileRef = 84835C331B733B38001859E9 /* LQNewsClassData.m */; };
		84835C371B733B97001859E9 /* LQNewsClassId.m in Sources */ = {isa = PBXBuildFile; fileRef = 84835C361B733B97001859E9 /* LQNewsClassId.m */; };
		84835C3A1B733C2F001859E9 /* LQNewsBClass.m in Sources */ = {isa = PBXBuildFile; fileRef = 84835C391B733C2F001859E9 /* LQNewsBClass.m */; };
		84835C3D1B733C40001859E9 /* LQNewsSonClass.m in Sources */ = {isa = PBXBuildFile; fileRef = 84835C3C1B733C40001859E9 /* LQNewsSonClass.m */; };
		84835C471B734666001859E9 /* LQNewsListContent.m in Sources */ = {isa = PBXBuildFile; fileRef = 84835C461B734666001859E9 /* LQNewsListContent.m */; };
		849709991B632FD400C497B6 /* NSString+LQExtension.m in Sources */ = {isa = PBXBuildFile; fileRef = 849709981B632FD400C497B6 /* NSString+LQExtension.m */; };
		849709A21B63719500C497B6 /* UIImage+LQExtension.m in Sources */ = {isa = PBXBuildFile; fileRef = 849709A11B63719500C497B6 /* UIImage+LQExtension.m */; };
		849709A51B63816C00C497B6 /* LQHomeRollingView.m in Sources */ = {isa = PBXBuildFile; fileRef = 849709A41B63816C00C497B6 /* LQHomeRollingView.m */; };
		849709A81B6389CD00C497B6 /* LQInformationBtnGroupView.m in Sources */ = {isa = PBXBuildFile; fileRef = 849709A71B6389CD00C497B6 /* LQInformationBtnGroupView.m */; };
		84AA3D271B61E474003A5E73 /* UIButton+LQExtension.m in Sources */ = {isa = PBXBuildFile; fileRef = 84AA3D261B61E474003A5E73 /* UIButton+LQExtension.m */; };
		84CEF0731B5E36F00017D798 /* AppDelegate.m in Sources */ = {isa = PBXBuildFile; fileRef = 84CEF0671B5E36F00017D798 /* AppDelegate.m */; };
		84CEF0741B5E36F00017D798 /* main.m in Sources */ = {isa = PBXBuildFile; fileRef = 84CEF0681B5E36F00017D798 /* main.m */; };
		84CEF0831B5E38FA0017D798 /* LQLeftMeunVC.m in Sources */ = {isa = PBXBuildFile; fileRef = 84CEF0811B5E38FA0017D798 /* LQLeftMeunVC.m */; };
		84CEF08E1B5E39BC0017D798 /* LQHomeVC.m in Sources */ = {isa = PBXBuildFile; fileRef = 84CEF08C1B5E39BC0017D798 /* LQHomeVC.m */; };
		84DF631A1B5F873C00B3BF63 /* MASCompositeConstraint.m in Sources */ = {isa = PBXBuildFile; fileRef = 84DF63041B5F873C00B3BF63 /* MASCompositeConstraint.m */; };
		84DF631B1B5F873C00B3BF63 /* MASConstraint.m in Sources */ = {isa = PBXBuildFile; fileRef = 84DF63071B5F873C00B3BF63 /* MASConstraint.m */; };
		84DF631C1B5F873C00B3BF63 /* MASConstraintMaker.m in Sources */ = {isa = PBXBuildFile; fileRef = 84DF63091B5F873C00B3BF63 /* MASConstraintMaker.m */; };
		84DF631D1B5F873C00B3BF63 /* MASLayoutConstraint.m in Sources */ = {isa = PBXBuildFile; fileRef = 84DF630B1B5F873C00B3BF63 /* MASLayoutConstraint.m */; };
		84DF631E1B5F873C00B3BF63 /* MASViewAttribute.m in Sources */ = {isa = PBXBuildFile; fileRef = 84DF630F1B5F873C00B3BF63 /* MASViewAttribute.m */; };
		84DF631F1B5F873C00B3BF63 /* MASViewConstraint.m in Sources */ = {isa = PBXBuildFile; fileRef = 84DF63111B5F873C00B3BF63 /* MASViewConstraint.m */; };
		84DF63201B5F873C00B3BF63 /* NSArray+MASAdditions.m in Sources */ = {isa = PBXBuildFile; fileRef = 84DF63131B5F873C00B3BF63 /* NSArray+MASAdditions.m */; };
		84DF63211B5F873C00B3BF63 /* NSLayoutConstraint+MASDebugAdditions.m in Sources */ = {isa = PBXBuildFile; fileRef = 84DF63161B5F873C00B3BF63 /* NSLayoutConstraint+MASDebugAdditions.m */; };
		84DF63221B5F873C00B3BF63 /* View+MASAdditions.m in Sources */ = {isa = PBXBuildFile; fileRef = 84DF63181B5F873C00B3BF63 /* View+MASAdditions.m */; };
		84E2DBBF1B5F6A730068423C /* LQNavigationController.m in Sources */ = {isa = PBXBuildFile; fileRef = 84E2DBBE1B5F6A730068423C /* LQNavigationController.m */; };
		84E81EF51B65DD890089A0A7 /* LQInformationTableViewCell.m in Sources */ = {isa = PBXBuildFile; fileRef = 84E81EF31B65DD890089A0A7 /* LQInformationTableViewCell.m */; };
		84E81EF91B66218F0089A0A7 /* LQTableViewController.m in Sources */ = {isa = PBXBuildFile; fileRef = 84E81EF81B66218F0089A0A7 /* LQTableViewController.m */; };
		84E81EFD1B66278D0089A0A7 /* LQMeunTableViewCell.m in Sources */ = {isa = PBXBuildFile; fileRef = 84E81EFB1B66278D0089A0A7 /* LQMeunTableViewCell.m */; };
		84E98F351B7450C60022D47D /* MKAnnotationView+WebCache.m in Sources */ = {isa = PBXBuildFile; fileRef = 84E98F151B7450C60022D47D /* MKAnnotationView+WebCache.m */; };
		84E98F361B7450C60022D47D /* NSData+ImageContentType.m in Sources */ = {isa = PBXBuildFile; fileRef = 84E98F171B7450C60022D47D /* NSData+ImageContentType.m */; };
		84E98F371B7450C60022D47D /* SDImageCache.m in Sources */ = {isa = PBXBuildFile; fileRef = 84E98F191B7450C60022D47D /* SDImageCache.m */; };
		84E98F381B7450C60022D47D /* SDWebImageCompat.m in Sources */ = {isa = PBXBuildFile; fileRef = 84E98F1B1B7450C60022D47D /* SDWebImageCompat.m */; };
		84E98F391B7450C60022D47D /* SDWebImageDecoder.m in Sources */ = {isa = PBXBuildFile; fileRef = 84E98F1D1B7450C60022D47D /* SDWebImageDecoder.m */; };
		84E98F3A1B7450C60022D47D /* SDWebImageDownloader.m in Sources */ = {isa = PBXBuildFile; fileRef = 84E98F1F1B7450C60022D47D /* SDWebImageDownloader.m */; };
		84E98F3B1B7450C60022D47D /* SDWebImageDownloaderOperation.m in Sources */ = {isa = PBXBuildFile; fileRef = 84E98F211B7450C60022D47D /* SDWebImageDownloaderOperation.m */; };
		84E98F3C1B7450C60022D47D /* SDWebImageManager.m in Sources */ = {isa = PBXBuildFile; fileRef = 84E98F231B7450C60022D47D /* SDWebImageManager.m */; };
		84E98F3D1B7450C60022D47D /* SDWebImagePrefetcher.m in Sources */ = {isa = PBXBuildFile; fileRef = 84E98F261B7450C60022D47D /* SDWebImagePrefetcher.m */; };
		84E98F3E1B7450C60022D47D /* UIButton+WebCache.m in Sources */ = {isa = PBXBuildFile; fileRef = 84E98F281B7450C60022D47D /* UIButton+WebCache.m */; };
		84E98F3F1B7450C60022D47D /* UIImage+GIF.m in Sources */ = {isa = PBXBuildFile; fileRef = 84E98F2A1B7450C60022D47D /* UIImage+GIF.m */; };
		84E98F401B7450C60022D47D /* UIImage+MultiFormat.m in Sources */ = {isa = PBXBuildFile; fileRef = 84E98F2C1B7450C60022D47D /* UIImage+MultiFormat.m */; };
		84E98F411B7450C60022D47D /* UIImage+WebP.m in Sources */ = {isa = PBXBuildFile; fileRef = 84E98F2E1B7450C60022D47D /* UIImage+WebP.m */; };
		84E98F421B7450C60022D47D /* UIImageView+HighlightedWebCache.m in Sources */ = {isa = PBXBuildFile; fileRef = 84E98F301B7450C60022D47D /* UIImageView+HighlightedWebCache.m */; };
		84E98F431B7450C60022D47D /* UIImageView+WebCache.m in Sources */ = {isa = PBXBuildFile; fileRef = 84E98F321B7450C60022D47D /* UIImageView+WebCache.m */; };
		84E98F441B7450C60022D47D /* UIView+WebCacheOperation.m in Sources */ = {isa = PBXBuildFile; fileRef = 84E98F341B7450C60022D47D /* UIView+WebCacheOperation.m */; };
		84EEB6011B60BC78008E7731 /* UIBarButtonItem+LQExtension.m in Sources */ = {isa = PBXBuildFile; fileRef = 84EEB6001B60BC78008E7731 /* UIBarButtonItem+LQExtension.m */; };
		84EFEA6A1B5CC6670049D6FA /* _____.xcdatamodeld in Sources */ = {isa = PBXBuildFile; fileRef = 84EFEA681B5CC6670049D6FA /* _____.xcdatamodeld */; };
		84EFEA721B5CC6670049D6FA /* Images.xcassets in Resources */ = {isa = PBXBuildFile; fileRef = 84EFEA711B5CC6670049D6FA /* Images.xcassets */; };
		84EFEA811B5CC6670049D6FA /* _____Tests.m in Sources */ = {isa = PBXBuildFile; fileRef = 84EFEA801B5CC6670049D6FA /* _____Tests.m */; };
		84F3CA761B5F283400DD44A9 /* LQNewRecommendVC.m in Sources */ = {isa = PBXBuildFile; fileRef = 84F3CA741B5F283400DD44A9 /* LQNewRecommendVC.m */; };
		84F3CA771B5F283400DD44A9 /* LQNewRecommendVC.xib in Resources */ = {isa = PBXBuildFile; fileRef = 84F3CA751B5F283400DD44A9 /* LQNewRecommendVC.xib */; };
		84F3CA7B1B5F284E00DD44A9 /* LQCommunityVC.m in Sources */ = {isa = PBXBuildFile; fileRef = 84F3CA791B5F284E00DD44A9 /* LQCommunityVC.m */; };
		84F3CA7C1B5F284E00DD44A9 /* LQCommunityVC.xib in Resources */ = {isa = PBXBuildFile; fileRef = 84F3CA7A1B5F284E00DD44A9 /* LQCommunityVC.xib */; };
		84F3CA801B5F287100DD44A9 /* LQPersonalCenterVC.m in Sources */ = {isa = PBXBuildFile; fileRef = 84F3CA7E1B5F287100DD44A9 /* LQPersonalCenterVC.m */; };
		84F3CA851B5F36CE00DD44A9 /* LQTabBarController.m in Sources */ = {isa = PBXBuildFile; fileRef = 84F3CA841B5F36CE00DD44A9 /* LQTabBarController.m */; };
		84F3CA881B5F3F2E00DD44A9 /* LQBaseViewController.m in Sources */ = {isa = PBXBuildFile; fileRef = 84F3CA871B5F3F2E00DD44A9 /* LQBaseViewController.m */; };
		84F3CA8C1B5F3F4E00DD44A9 /* LQInformationVC.m in Sources */ = {isa = PBXBuildFile; fileRef = 84F3CA8A1B5F3F4E00DD44A9 /* LQInformationVC.m */; };
		D546A3DE1B5FBE8E0003A581 /* LQHomeRollingScrollView.m in Sources */ = {isa = PBXBuildFile; fileRef = D546A3DD1B5FBE8D0003A581 /* LQHomeRollingScrollView.m */; };
		D546A3E11B5FBEB40003A581 /* LQHomeModularView.m in Sources */ = {isa = PBXBuildFile; fileRef = D546A3E01B5FBEB40003A581 /* LQHomeModularView.m */; };
		D546A41B1B5FCECC0003A581 /* UIView+Extension.m in Sources */ = {isa = PBXBuildFile; fileRef = D546A41A1B5FCECC0003A581 /* UIView+Extension.m */; };
		D56FC34B1B764E8D00862568 /* LQNewsWebVC.m in Sources */ = {isa = PBXBuildFile; fileRef = D56FC34A1B764E8D00862568 /* LQNewsWebVC.m */; };
/* End PBXBuildFile section */

/* Begin PBXContainerItemProxy section */
		84EFEA7B1B5CC6670049D6FA /* PBXContainerItemProxy */ = {
			isa = PBXContainerItemProxy;
			containerPortal = 84EFEA561B5CC6670049D6FA /* Project object */;
			proxyType = 1;
			remoteGlobalIDString = 84EFEA5D1B5CC6670049D6FA;
			remoteInfo = "美发沙龙网";
		};
/* End PBXContainerItemProxy section */

/* Begin PBXFileReference section */
		8408BCD01B75E93700C73932 /* LQNewsListVC.h */ = {isa = PBXFileReference; fileEncoding = 4; lastKnownFileType = sourcecode.c.h; path = LQNewsListVC.h; sourceTree = "<group>"; };
		8408BCD11B75E93700C73932 /* LQNewsListVC.m */ = {isa = PBXFileReference; fileEncoding = 4; lastKnownFileType = sourcecode.c.objc; path = LQNewsListVC.m; sourceTree = "<group>"; };
		840A00601B72ED99007F7E78 /* AFHTTPRequestOperation.h */ = {isa = PBXFileReference; fileEncoding = 4; lastKnownFileType = sourcecode.c.h; path = AFHTTPRequestOperation.h; sourceTree = "<group>"; };
		840A00611B72ED99007F7E78 /* AFHTTPRequestOperation.m */ = {isa = PBXFileReference; fileEncoding = 4; lastKnownFileType = sourcecode.c.objc; path = AFHTTPRequestOperation.m; sourceTree = "<group>"; };
		840A00621B72ED99007F7E78 /* AFHTTPRequestOperationManager.h */ = {isa = PBXFileReference; fileEncoding = 4; lastKnownFileType = sourcecode.c.h; path = AFHTTPRequestOperationManager.h; sourceTree = "<group>"; };
		840A00631B72ED99007F7E78 /* AFHTTPRequestOperationManager.m */ = {isa = PBXFileReference; fileEncoding = 4; lastKnownFileType = sourcecode.c.objc; path = AFHTTPRequestOperationManager.m; sourceTree = "<group>"; };
		840A00641B72ED99007F7E78 /* AFHTTPSessionManager.h */ = {isa = PBXFileReference; fileEncoding = 4; lastKnownFileType = sourcecode.c.h; path = AFHTTPSessionManager.h; sourceTree = "<group>"; };
		840A00651B72ED99007F7E78 /* AFHTTPSessionManager.m */ = {isa = PBXFileReference; fileEncoding = 4; lastKnownFileType = sourcecode.c.objc; path = AFHTTPSessionManager.m; sourceTree = "<group>"; };
		840A00661B72ED99007F7E78 /* AFNetworking.h */ = {isa = PBXFileReference; fileEncoding = 4; lastKnownFileType = sourcecode.c.h; path = AFNetworking.h; sourceTree = "<group>"; };
		840A00671B72ED99007F7E78 /* AFNetworkReachabilityManager.h */ = {isa = PBXFileReference; fileEncoding = 4; lastKnownFileType = sourcecode.c.h; path = AFNetworkReachabilityManager.h; sourceTree = "<group>"; };
		840A00681B72ED99007F7E78 /* AFNetworkReachabilityManager.m */ = {isa = PBXFileReference; fileEncoding = 4; lastKnownFileType = sourcecode.c.objc; path = AFNetworkReachabilityManager.m; sourceTree = "<group>"; };
		840A00691B72ED99007F7E78 /* AFSecurityPolicy.h */ = {isa = PBXFileReference; fileEncoding = 4; lastKnownFileType = sourcecode.c.h; path = AFSecurityPolicy.h; sourceTree = "<group>"; };
		840A006A1B72ED99007F7E78 /* AFSecurityPolicy.m */ = {isa = PBXFileReference; fileEncoding = 4; lastKnownFileType = sourcecode.c.objc; path = AFSecurityPolicy.m; sourceTree = "<group>"; };
		840A006B1B72ED99007F7E78 /* AFURLConnectionOperation.h */ = {isa = PBXFileReference; fileEncoding = 4; lastKnownFileType = sourcecode.c.h; path = AFURLConnectionOperation.h; sourceTree = "<group>"; };
		840A006C1B72ED99007F7E78 /* AFURLConnectionOperation.m */ = {isa = PBXFileReference; fileEncoding = 4; lastKnownFileType = sourcecode.c.objc; path = AFURLConnectionOperation.m; sourceTree = "<group>"; };
		840A006D1B72ED99007F7E78 /* AFURLRequestSerialization.h */ = {isa = PBXFileReference; fileEncoding = 4; lastKnownFileType = sourcecode.c.h; path = AFURLRequestSerialization.h; sourceTree = "<group>"; };
		840A006E1B72ED99007F7E78 /* AFURLRequestSerialization.m */ = {isa = PBXFileReference; fileEncoding = 4; lastKnownFileType = sourcecode.c.objc; path = AFURLRequestSerialization.m; sourceTree = "<group>"; };
		840A006F1B72ED99007F7E78 /* AFURLResponseSerialization.h */ = {isa = PBXFileReference; fileEncoding = 4; lastKnownFileType = sourcecode.c.h; path = AFURLResponseSerialization.h; sourceTree = "<group>"; };
		840A00701B72ED99007F7E78 /* AFURLResponseSerialization.m */ = {isa = PBXFileReference; fileEncoding = 4; lastKnownFileType = sourcecode.c.objc; path = AFURLResponseSerialization.m; sourceTree = "<group>"; };
		840A00711B72ED99007F7E78 /* AFURLSessionManager.h */ = {isa = PBXFileReference; fileEncoding = 4; lastKnownFileType = sourcecode.c.h; path = AFURLSessionManager.h; sourceTree = "<group>"; };
		840A00721B72ED99007F7E78 /* AFURLSessionManager.m */ = {isa = PBXFileReference; fileEncoding = 4; lastKnownFileType = sourcecode.c.objc; path = AFURLSessionManager.m; sourceTree = "<group>"; };
		840A00741B72ED99007F7E78 /* MJExtension.h */ = {isa = PBXFileReference; fileEncoding = 4; lastKnownFileType = sourcecode.c.h; path = MJExtension.h; sourceTree = "<group>"; };
		840A00751B72ED99007F7E78 /* MJExtensionConst.h */ = {isa = PBXFileReference; fileEncoding = 4; lastKnownFileType = sourcecode.c.h; path = MJExtensionConst.h; sourceTree = "<group>"; };
		840A00761B72ED99007F7E78 /* MJExtensionConst.m */ = {isa = PBXFileReference; fileEncoding = 4; lastKnownFileType = sourcecode.c.objc; path = MJExtensionConst.m; sourceTree = "<group>"; };
		840A00771B72ED99007F7E78 /* MJFoundation.h */ = {isa = PBXFileReference; fileEncoding = 4; lastKnownFileType = sourcecode.c.h; path = MJFoundation.h; sourceTree = "<group>"; };
		840A00781B72ED99007F7E78 /* MJFoundation.m */ = {isa = PBXFileReference; fileEncoding = 4; lastKnownFileType = sourcecode.c.objc; path = MJFoundation.m; sourceTree = "<group>"; };
		840A00791B72ED99007F7E78 /* MJProperty.h */ = {isa = PBXFileReference; fileEncoding = 4; lastKnownFileType = sourcecode.c.h; path = MJProperty.h; sourceTree = "<group>"; };
		840A007A1B72ED99007F7E78 /* MJProperty.m */ = {isa = PBXFileReference; fileEncoding = 4; lastKnownFileType = sourcecode.c.objc; path = MJProperty.m; sourceTree = "<group>"; };
		840A007B1B72ED99007F7E78 /* MJType.h */ = {isa = PBXFileReference; fileEncoding = 4; lastKnownFileType = sourcecode.c.h; path = MJType.h; sourceTree = "<group>"; };
		840A007C1B72ED99007F7E78 /* MJType.m */ = {isa = PBXFileReference; fileEncoding = 4; lastKnownFileType = sourcecode.c.objc; path = MJType.m; sourceTree = "<group>"; };
		840A007D1B72ED99007F7E78 /* NSObject+MJCoding.h */ = {isa = PBXFileReference; fileEncoding = 4; lastKnownFileType = sourcecode.c.h; path = "NSObject+MJCoding.h"; sourceTree = "<group>"; };
		840A007E1B72ED99007F7E78 /* NSObject+MJCoding.m */ = {isa = PBXFileReference; fileEncoding = 4; lastKnownFileType = sourcecode.c.objc; path = "NSObject+MJCoding.m"; sourceTree = "<group>"; };
		840A007F1B72ED99007F7E78 /* NSObject+MJKeyValue.h */ = {isa = PBXFileReference; fileEncoding = 4; lastKnownFileType = sourcecode.c.h; path = "NSObject+MJKeyValue.h"; sourceTree = "<group>"; };
		840A00801B72ED99007F7E78 /* NSObject+MJKeyValue.m */ = {isa = PBXFileReference; fileEncoding = 4; lastKnownFileType = sourcecode.c.objc; path = "NSObject+MJKeyValue.m"; sourceTree = "<group>"; };
		840A00811B72ED9A007F7E78 /* NSObject+MJProperty.h */ = {isa = PBXFileReference; fileEncoding = 4; lastKnownFileType = sourcecode.c.h; path = "NSObject+MJProperty.h"; sourceTree = "<group>"; };
		840A00821B72ED9A007F7E78 /* NSObject+MJProperty.m */ = {isa = PBXFileReference; fileEncoding = 4; lastKnownFileType = sourcecode.c.objc; path = "NSObject+MJProperty.m"; sourceTree = "<group>"; };
		840A00831B72ED9A007F7E78 /* NSString+MJExtension.h */ = {isa = PBXFileReference; fileEncoding = 4; lastKnownFileType = sourcecode.c.h; path = "NSString+MJExtension.h"; sourceTree = "<group>"; };
		840A00841B72ED9A007F7E78 /* NSString+MJExtension.m */ = {isa = PBXFileReference; fileEncoding = 4; lastKnownFileType = sourcecode.c.objc; path = "NSString+MJExtension.m"; sourceTree = "<group>"; };
		840F65261B6F3C6A0024B11A /* LQLoginVC.h */ = {isa = PBXFileReference; fileEncoding = 4; lastKnownFileType = sourcecode.c.h; path = LQLoginVC.h; sourceTree = "<group>"; };
		840F65271B6F3C6A0024B11A /* LQLoginVC.m */ = {isa = PBXFileReference; fileEncoding = 4; lastKnownFileType = sourcecode.c.objc; path = LQLoginVC.m; sourceTree = "<group>"; };
		840F65281B6F3C6A0024B11A /* LQLoginVC.xib */ = {isa = PBXFileReference; fileEncoding = 4; lastKnownFileType = file.xib; path = LQLoginVC.xib; sourceTree = "<group>"; };
		840F652C1B6F428C0024B11A /* LeftSlideViewController.h */ = {isa = PBXFileReference; fileEncoding = 4; lastKnownFileType = sourcecode.c.h; path = LeftSlideViewController.h; sourceTree = "<group>"; };
		840F652D1B6F428C0024B11A /* LeftSlideViewController.m */ = {isa = PBXFileReference; fileEncoding = 4; lastKnownFileType = sourcecode.c.objc; path = LeftSlideViewController.m; sourceTree = "<group>"; };
		840F652E1B6F428C0024B11A /* UIView_extra.h */ = {isa = PBXFileReference; fileEncoding = 4; lastKnownFileType = sourcecode.c.h; path = UIView_extra.h; sourceTree = "<group>"; };
		840F652F1B6F428C0024B11A /* UIView_extra.m */ = {isa = PBXFileReference; fileEncoding = 4; lastKnownFileType = sourcecode.c.objc; path = UIView_extra.m; sourceTree = "<group>"; };
		840F65321B6F567C0024B11A /* LQOneLevelBaseVC.h */ = {isa = PBXFileReference; fileEncoding = 4; lastKnownFileType = sourcecode.c.h; path = LQOneLevelBaseVC.h; sourceTree = "<group>"; };
		840F65331B6F567C0024B11A /* LQOneLevelBaseVC.m */ = {isa = PBXFileReference; fileEncoding = 4; lastKnownFileType = sourcecode.c.objc; path = LQOneLevelBaseVC.m; sourceTree = "<group>"; };
		840F65351B6F63060024B11A /* LQRegisteredAccountVC.h */ = {isa = PBXFileReference; fileEncoding = 4; lastKnownFileType = sourcecode.c.h; path = LQRegisteredAccountVC.h; sourceTree = "<group>"; };
		840F65361B6F63060024B11A /* LQRegisteredAccountVC.m */ = {isa = PBXFileReference; fileEncoding = 4; lastKnownFileType = sourcecode.c.objc; path = LQRegisteredAccountVC.m; sourceTree = "<group>"; };
		840F65371B6F63060024B11A /* LQRegisteredAccountVC.xib */ = {isa = PBXFileReference; fileEncoding = 4; lastKnownFileType = file.xib; path = LQRegisteredAccountVC.xib; sourceTree = "<group>"; };
		8417A77C1B607CD700B80F54 /* LQHomePageControlView.h */ = {isa = PBXFileReference; fileEncoding = 4; lastKnownFileType = sourcecode.c.h; path = LQHomePageControlView.h; sourceTree = "<group>"; };
		8417A77D1B607CD700B80F54 /* LQHomePageControlView.m */ = {isa = PBXFileReference; fileEncoding = 4; lastKnownFileType = sourcecode.c.objc; path = LQHomePageControlView.m; sourceTree = "<group>"; };
		8452437D1B69CBC2006E8E26 /* LQNewFeatureVC.h */ = {isa = PBXFileReference; fileEncoding = 4; lastKnownFileType = sourcecode.c.h; path = LQNewFeatureVC.h; sourceTree = "<group>"; };
		8452437E1B69CBC2006E8E26 /* LQNewFeatureVC.m */ = {isa = PBXFileReference; fileEncoding = 4; lastKnownFileType = sourcecode.c.objc; path = LQNewFeatureVC.m; sourceTree = "<group>"; };
		8452437F1B69CBC2006E8E26 /* LQNewFeatureVC.xib */ = {isa = PBXFileReference; fileEncoding = 4; lastKnownFileType = file.xib; path = LQNewFeatureVC.xib; sourceTree = "<group>"; };
		847C0C9B1B6B66DD00340448 /* UIColor+LQExtension.h */ = {isa = PBXFileReference; fileEncoding = 4; lastKnownFileType = sourcecode.c.h; path = "UIColor+LQExtension.h"; sourceTree = "<group>"; };
		847C0C9C1B6B66DD00340448 /* UIColor+LQExtension.m */ = {isa = PBXFileReference; fileEncoding = 4; lastKnownFileType = sourcecode.c.objc; path = "UIColor+LQExtension.m"; sourceTree = "<group>"; };
		84835C151B72FC89001859E9 /* LQNewsList.h */ = {isa = PBXFileReference; fileEncoding = 4; lastKnownFileType = sourcecode.c.h; path = LQNewsList.h; sourceTree = "<group>"; };
		84835C161B72FC89001859E9 /* LQNewsList.m */ = {isa = PBXFileReference; fileEncoding = 4; lastKnownFileType = sourcecode.c.objc; path = LQNewsList.m; sourceTree = "<group>"; };
		84835C191B72FF2C001859E9 /* CJSONDeserializer.h */ = {isa = PBXFileReference; fileEncoding = 4; lastKnownFileType = sourcecode.c.h; path = CJSONDeserializer.h; sourceTree = "<group>"; };
		84835C1A1B72FF2C001859E9 /* CJSONDeserializer.m */ = {isa = PBXFileReference; fileEncoding = 4; lastKnownFileType = sourcecode.c.objc; path = CJSONDeserializer.m; sourceTree = "<group>"; };
		84835C1B1B72FF2C001859E9 /* CJSONSerializer.h */ = {isa = PBXFileReference; fileEncoding = 4; lastKnownFileType = sourcecode.c.h; path = CJSONSerializer.h; sourceTree = "<group>"; };
		84835C1C1B72FF2C001859E9 /* CJSONSerializer.m */ = {isa = PBXFileReference; fileEncoding = 4; lastKnownFileType = sourcecode.c.objc; path = CJSONSerializer.m; sourceTree = "<group>"; };
		84835C1D1B72FF2C001859E9 /* JSONRepresentation.h */ = {isa = PBXFileReference; fileEncoding = 4; lastKnownFileType = sourcecode.c.h; path = JSONRepresentation.h; sourceTree = "<group>"; };
		84835C1E1B72FF2C001859E9 /* NSDictionary_JSONExtensions.h */ = {isa = PBXFileReference; fileEncoding = 4; lastKnownFileType = sourcecode.c.h; path = NSDictionary_JSONExtensions.h; sourceTree = "<group>"; };
		84835C1F1B72FF2C001859E9 /* NSDictionary_JSONExtensions.m */ = {isa = PBXFileReference; fileEncoding = 4; lastKnownFileType = sourcecode.c.objc; path = NSDictionary_JSONExtensions.m; sourceTree = "<group>"; };
		84835C2F1B733AC7001859E9 /* LQNewsClass.h */ = {isa = PBXFileReference; fileEncoding = 4; lastKnownFileType = sourcecode.c.h; path = LQNewsClass.h; sourceTree = "<group>"; };
		84835C301B733AC7001859E9 /* LQNewsClass.m */ = {isa = PBXFileReference; fileEncoding = 4; lastKnownFileType = sourcecode.c.objc; path = LQNewsClass.m; sourceTree = "<group>"; };
		84835C321B733B38001859E9 /* LQNewsClassData.h */ = {isa = PBXFileReference; fileEncoding = 4; lastKnownFileType = sourcecode.c.h; path = LQNewsClassData.h; sourceTree = "<group>"; };
		84835C331B733B38001859E9 /* LQNewsClassData.m */ = {isa = PBXFileReference; fileEncoding = 4; lastKnownFileType = sourcecode.c.objc; path = LQNewsClassData.m; sourceTree = "<group>"; };
		84835C351B733B97001859E9 /* LQNewsClassId.h */ = {isa = PBXFileReference; fileEncoding = 4; lastKnownFileType = sourcecode.c.h; path = LQNewsClassId.h; sourceTree = "<group>"; };
		84835C361B733B97001859E9 /* LQNewsClassId.m */ = {isa = PBXFileReference; fileEncoding = 4; lastKnownFileType = sourcecode.c.objc; path = LQNewsClassId.m; sourceTree = "<group>"; };
		84835C381B733C2F001859E9 /* LQNewsBClass.h */ = {isa = PBXFileReference; fileEncoding = 4; lastKnownFileType = sourcecode.c.h; path = LQNewsBClass.h; sourceTree = "<group>"; };
		84835C391B733C2F001859E9 /* LQNewsBClass.m */ = {isa = PBXFileReference; fileEncoding = 4; lastKnownFileType = sourcecode.c.objc; path = LQNewsBClass.m; sourceTree = "<group>"; };
		84835C3B1B733C40001859E9 /* LQNewsSonClass.h */ = {isa = PBXFileReference; fileEncoding = 4; lastKnownFileType = sourcecode.c.h; path = LQNewsSonClass.h; sourceTree = "<group>"; };
		84835C3C1B733C40001859E9 /* LQNewsSonClass.m */ = {isa = PBXFileReference; fileEncoding = 4; lastKnownFileType = sourcecode.c.objc; path = LQNewsSonClass.m; sourceTree = "<group>"; };
		84835C451B734666001859E9 /* LQNewsListContent.h */ = {isa = PBXFileReference; fileEncoding = 4; lastKnownFileType = sourcecode.c.h; path = LQNewsListContent.h; sourceTree = "<group>"; };
		84835C461B734666001859E9 /* LQNewsListContent.m */ = {isa = PBXFileReference; fileEncoding = 4; lastKnownFileType = sourcecode.c.objc; path = LQNewsListContent.m; sourceTree = "<group>"; };
		849709971B632FD400C497B6 /* NSString+LQExtension.h */ = {isa = PBXFileReference; fileEncoding = 4; lastKnownFileType = sourcecode.c.h; path = "NSString+LQExtension.h"; sourceTree = "<group>"; };
		849709981B632FD400C497B6 /* NSString+LQExtension.m */ = {isa = PBXFileReference; fileEncoding = 4; lastKnownFileType = sourcecode.c.objc; path = "NSString+LQExtension.m"; sourceTree = "<group>"; };
		849709A01B63719500C497B6 /* UIImage+LQExtension.h */ = {isa = PBXFileReference; fileEncoding = 4; lastKnownFileType = sourcecode.c.h; path = "UIImage+LQExtension.h"; sourceTree = "<group>"; };
		849709A11B63719500C497B6 /* UIImage+LQExtension.m */ = {isa = PBXFileReference; fileEncoding = 4; lastKnownFileType = sourcecode.c.objc; path = "UIImage+LQExtension.m"; sourceTree = "<group>"; };
		849709A31B63816C00C497B6 /* LQHomeRollingView.h */ = {isa = PBXFileReference; fileEncoding = 4; lastKnownFileType = sourcecode.c.h; path = LQHomeRollingView.h; sourceTree = "<group>"; };
		849709A41B63816C00C497B6 /* LQHomeRollingView.m */ = {isa = PBXFileReference; fileEncoding = 4; lastKnownFileType = sourcecode.c.objc; path = LQHomeRollingView.m; sourceTree = "<group>"; };
		849709A61B6389CD00C497B6 /* LQInformationBtnGroupView.h */ = {isa = PBXFileReference; fileEncoding = 4; lastKnownFileType = sourcecode.c.h; path = LQInformationBtnGroupView.h; sourceTree = "<group>"; };
		849709A71B6389CD00C497B6 /* LQInformationBtnGroupView.m */ = {isa = PBXFileReference; fileEncoding = 4; lastKnownFileType = sourcecode.c.objc; path = LQInformationBtnGroupView.m; sourceTree = "<group>"; };
		84AA3D251B61E474003A5E73 /* UIButton+LQExtension.h */ = {isa = PBXFileReference; fileEncoding = 4; lastKnownFileType = sourcecode.c.h; path = "UIButton+LQExtension.h"; sourceTree = "<group>"; };
		84AA3D261B61E474003A5E73 /* UIButton+LQExtension.m */ = {isa = PBXFileReference; fileEncoding = 4; lastKnownFileType = sourcecode.c.objc; path = "UIButton+LQExtension.m"; sourceTree = "<group>"; };
		84CEF0661B5E36F00017D798 /* AppDelegate.h */ = {isa = PBXFileReference; fileEncoding = 4; lastKnownFileType = sourcecode.c.h; path = AppDelegate.h; sourceTree = "<group>"; };
		84CEF0671B5E36F00017D798 /* AppDelegate.m */ = {isa = PBXFileReference; fileEncoding = 4; lastKnownFileType = sourcecode.c.objc; path = AppDelegate.m; sourceTree = "<group>"; };
		84CEF0681B5E36F00017D798 /* main.m */ = {isa = PBXFileReference; fileEncoding = 4; lastKnownFileType = sourcecode.c.objc; path = main.m; sourceTree = "<group>"; };
		84CEF0801B5E38FA0017D798 /* LQLeftMeunVC.h */ = {isa = PBXFileReference; fileEncoding = 4; lastKnownFileType = sourcecode.c.h; path = LQLeftMeunVC.h; sourceTree = "<group>"; };
		84CEF0811B5E38FA0017D798 /* LQLeftMeunVC.m */ = {isa = PBXFileReference; fileEncoding = 4; lastKnownFileType = sourcecode.c.objc; path = LQLeftMeunVC.m; sourceTree = "<group>"; };
		84CEF08B1B5E39BC0017D798 /* LQHomeVC.h */ = {isa = PBXFileReference; fileEncoding = 4; lastKnownFileType = sourcecode.c.h; path = LQHomeVC.h; sourceTree = "<group>"; };
		84CEF08C1B5E39BC0017D798 /* LQHomeVC.m */ = {isa = PBXFileReference; fileEncoding = 4; lastKnownFileType = sourcecode.c.objc; path = LQHomeVC.m; sourceTree = "<group>"; };
		84DF63031B5F873C00B3BF63 /* MASCompositeConstraint.h */ = {isa = PBXFileReference; fileEncoding = 4; lastKnownFileType = sourcecode.c.h; path = MASCompositeConstraint.h; sourceTree = "<group>"; };
		84DF63041B5F873C00B3BF63 /* MASCompositeConstraint.m */ = {isa = PBXFileReference; fileEncoding = 4; lastKnownFileType = sourcecode.c.objc; path = MASCompositeConstraint.m; sourceTree = "<group>"; };
		84DF63051B5F873C00B3BF63 /* MASConstraint+Private.h */ = {isa = PBXFileReference; fileEncoding = 4; lastKnownFileType = sourcecode.c.h; path = "MASConstraint+Private.h"; sourceTree = "<group>"; };
		84DF63061B5F873C00B3BF63 /* MASConstraint.h */ = {isa = PBXFileReference; fileEncoding = 4; lastKnownFileType = sourcecode.c.h; path = MASConstraint.h; sourceTree = "<group>"; };
		84DF63071B5F873C00B3BF63 /* MASConstraint.m */ = {isa = PBXFileReference; fileEncoding = 4; lastKnownFileType = sourcecode.c.objc; path = MASConstraint.m; sourceTree = "<group>"; };
		84DF63081B5F873C00B3BF63 /* MASConstraintMaker.h */ = {isa = PBXFileReference; fileEncoding = 4; lastKnownFileType = sourcecode.c.h; path = MASConstraintMaker.h; sourceTree = "<group>"; };
		84DF63091B5F873C00B3BF63 /* MASConstraintMaker.m */ = {isa = PBXFileReference; fileEncoding = 4; lastKnownFileType = sourcecode.c.objc; path = MASConstraintMaker.m; sourceTree = "<group>"; };
		84DF630A1B5F873C00B3BF63 /* MASLayoutConstraint.h */ = {isa = PBXFileReference; fileEncoding = 4; lastKnownFileType = sourcecode.c.h; path = MASLayoutConstraint.h; sourceTree = "<group>"; };
		84DF630B1B5F873C00B3BF63 /* MASLayoutConstraint.m */ = {isa = PBXFileReference; fileEncoding = 4; lastKnownFileType = sourcecode.c.objc; path = MASLayoutConstraint.m; sourceTree = "<group>"; };
		84DF630C1B5F873C00B3BF63 /* Masonry.h */ = {isa = PBXFileReference; fileEncoding = 4; lastKnownFileType = sourcecode.c.h; path = Masonry.h; sourceTree = "<group>"; };
		84DF630D1B5F873C00B3BF63 /* MASUtilities.h */ = {isa = PBXFileReference; fileEncoding = 4; lastKnownFileType = sourcecode.c.h; path = MASUtilities.h; sourceTree = "<group>"; };
		84DF630E1B5F873C00B3BF63 /* MASViewAttribute.h */ = {isa = PBXFileReference; fileEncoding = 4; lastKnownFileType = sourcecode.c.h; path = MASViewAttribute.h; sourceTree = "<group>"; };
		84DF630F1B5F873C00B3BF63 /* MASViewAttribute.m */ = {isa = PBXFileReference; fileEncoding = 4; lastKnownFileType = sourcecode.c.objc; path = MASViewAttribute.m; sourceTree = "<group>"; };
		84DF63101B5F873C00B3BF63 /* MASViewConstraint.h */ = {isa = PBXFileReference; fileEncoding = 4; lastKnownFileType = sourcecode.c.h; path = MASViewConstraint.h; sourceTree = "<group>"; };
		84DF63111B5F873C00B3BF63 /* MASViewConstraint.m */ = {isa = PBXFileReference; fileEncoding = 4; lastKnownFileType = sourcecode.c.objc; path = MASViewConstraint.m; sourceTree = "<group>"; };
		84DF63121B5F873C00B3BF63 /* NSArray+MASAdditions.h */ = {isa = PBXFileReference; fileEncoding = 4; lastKnownFileType = sourcecode.c.h; path = "NSArray+MASAdditions.h"; sourceTree = "<group>"; };
		84DF63131B5F873C00B3BF63 /* NSArray+MASAdditions.m */ = {isa = PBXFileReference; fileEncoding = 4; lastKnownFileType = sourcecode.c.objc; path = "NSArray+MASAdditions.m"; sourceTree = "<group>"; };
		84DF63141B5F873C00B3BF63 /* NSArray+MASShorthandAdditions.h */ = {isa = PBXFileReference; fileEncoding = 4; lastKnownFileType = sourcecode.c.h; path = "NSArray+MASShorthandAdditions.h"; sourceTree = "<group>"; };
		84DF63151B5F873C00B3BF63 /* NSLayoutConstraint+MASDebugAdditions.h */ = {isa = PBXFileReference; fileEncoding = 4; lastKnownFileType = sourcecode.c.h; path = "NSLayoutConstraint+MASDebugAdditions.h"; sourceTree = "<group>"; };
		84DF63161B5F873C00B3BF63 /* NSLayoutConstraint+MASDebugAdditions.m */ = {isa = PBXFileReference; fileEncoding = 4; lastKnownFileType = sourcecode.c.objc; path = "NSLayoutConstraint+MASDebugAdditions.m"; sourceTree = "<group>"; };
		84DF63171B5F873C00B3BF63 /* View+MASAdditions.h */ = {isa = PBXFileReference; fileEncoding = 4; lastKnownFileType = sourcecode.c.h; path = "View+MASAdditions.h"; sourceTree = "<group>"; };
		84DF63181B5F873C00B3BF63 /* View+MASAdditions.m */ = {isa = PBXFileReference; fileEncoding = 4; lastKnownFileType = sourcecode.c.objc; path = "View+MASAdditions.m"; sourceTree = "<group>"; };
		84DF63191B5F873C00B3BF63 /* View+MASShorthandAdditions.h */ = {isa = PBXFileReference; fileEncoding = 4; lastKnownFileType = sourcecode.c.h; path = "View+MASShorthandAdditions.h"; sourceTree = "<group>"; };
		84E2DBBD1B5F6A730068423C /* LQNavigationController.h */ = {isa = PBXFileReference; fileEncoding = 4; lastKnownFileType = sourcecode.c.h; path = LQNavigationController.h; sourceTree = "<group>"; };
		84E2DBBE1B5F6A730068423C /* LQNavigationController.m */ = {isa = PBXFileReference; fileEncoding = 4; lastKnownFileType = sourcecode.c.objc; path = LQNavigationController.m; sourceTree = "<group>"; };
		84E81EF21B65DD890089A0A7 /* LQInformationTableViewCell.h */ = {isa = PBXFileReference; fileEncoding = 4; lastKnownFileType = sourcecode.c.h; path = LQInformationTableViewCell.h; sourceTree = "<group>"; };
		84E81EF31B65DD890089A0A7 /* LQInformationTableViewCell.m */ = {isa = PBXFileReference; fileEncoding = 4; lastKnownFileType = sourcecode.c.objc; path = LQInformationTableViewCell.m; sourceTree = "<group>"; };
		84E81EF71B66218F0089A0A7 /* LQTableViewController.h */ = {isa = PBXFileReference; fileEncoding = 4; lastKnownFileType = sourcecode.c.h; path = LQTableViewController.h; sourceTree = "<group>"; };
		84E81EF81B66218F0089A0A7 /* LQTableViewController.m */ = {isa = PBXFileReference; fileEncoding = 4; lastKnownFileType = sourcecode.c.objc; path = LQTableViewController.m; sourceTree = "<group>"; };
		84E81EFA1B66278D0089A0A7 /* LQMeunTableViewCell.h */ = {isa = PBXFileReference; fileEncoding = 4; lastKnownFileType = sourcecode.c.h; path = LQMeunTableViewCell.h; sourceTree = "<group>"; };
		84E81EFB1B66278D0089A0A7 /* LQMeunTableViewCell.m */ = {isa = PBXFileReference; fileEncoding = 4; lastKnownFileType = sourcecode.c.objc; path = LQMeunTableViewCell.m; sourceTree = "<group>"; };
		84E98F141B7450C60022D47D /* MKAnnotationView+WebCache.h */ = {isa = PBXFileReference; fileEncoding = 4; lastKnownFileType = sourcecode.c.h; path = "MKAnnotationView+WebCache.h"; sourceTree = "<group>"; };
		84E98F151B7450C60022D47D /* MKAnnotationView+WebCache.m */ = {isa = PBXFileReference; fileEncoding = 4; lastKnownFileType = sourcecode.c.objc; path = "MKAnnotationView+WebCache.m"; sourceTree = "<group>"; };
		84E98F161B7450C60022D47D /* NSData+ImageContentType.h */ = {isa = PBXFileReference; fileEncoding = 4; lastKnownFileType = sourcecode.c.h; path = "NSData+ImageContentType.h"; sourceTree = "<group>"; };
		84E98F171B7450C60022D47D /* NSData+ImageContentType.m */ = {isa = PBXFileReference; fileEncoding = 4; lastKnownFileType = sourcecode.c.objc; path = "NSData+ImageContentType.m"; sourceTree = "<group>"; };
		84E98F181B7450C60022D47D /* SDImageCache.h */ = {isa = PBXFileReference; fileEncoding = 4; lastKnownFileType = sourcecode.c.h; path = SDImageCache.h; sourceTree = "<group>"; };
		84E98F191B7450C60022D47D /* SDImageCache.m */ = {isa = PBXFileReference; fileEncoding = 4; lastKnownFileType = sourcecode.c.objc; path = SDImageCache.m; sourceTree = "<group>"; };
		84E98F1A1B7450C60022D47D /* SDWebImageCompat.h */ = {isa = PBXFileReference; fileEncoding = 4; lastKnownFileType = sourcecode.c.h; path = SDWebImageCompat.h; sourceTree = "<group>"; };
		84E98F1B1B7450C60022D47D /* SDWebImageCompat.m */ = {isa = PBXFileReference; fileEncoding = 4; lastKnownFileType = sourcecode.c.objc; path = SDWebImageCompat.m; sourceTree = "<group>"; };
		84E98F1C1B7450C60022D47D /* SDWebImageDecoder.h */ = {isa = PBXFileReference; fileEncoding = 4; lastKnownFileType = sourcecode.c.h; path = SDWebImageDecoder.h; sourceTree = "<group>"; };
		84E98F1D1B7450C60022D47D /* SDWebImageDecoder.m */ = {isa = PBXFileReference; fileEncoding = 4; lastKnownFileType = sourcecode.c.objc; path = SDWebImageDecoder.m; sourceTree = "<group>"; };
		84E98F1E1B7450C60022D47D /* SDWebImageDownloader.h */ = {isa = PBXFileReference; fileEncoding = 4; lastKnownFileType = sourcecode.c.h; path = SDWebImageDownloader.h; sourceTree = "<group>"; };
		84E98F1F1B7450C60022D47D /* SDWebImageDownloader.m */ = {isa = PBXFileReference; fileEncoding = 4; lastKnownFileType = sourcecode.c.objc; path = SDWebImageDownloader.m; sourceTree = "<group>"; };
		84E98F201B7450C60022D47D /* SDWebImageDownloaderOperation.h */ = {isa = PBXFileReference; fileEncoding = 4; lastKnownFileType = sourcecode.c.h; path = SDWebImageDownloaderOperation.h; sourceTree = "<group>"; };
		84E98F211B7450C60022D47D /* SDWebImageDownloaderOperation.m */ = {isa = PBXFileReference; fileEncoding = 4; lastKnownFileType = sourcecode.c.objc; path = SDWebImageDownloaderOperation.m; sourceTree = "<group>"; };
		84E98F221B7450C60022D47D /* SDWebImageManager.h */ = {isa = PBXFileReference; fileEncoding = 4; lastKnownFileType = sourcecode.c.h; path = SDWebImageManager.h; sourceTree = "<group>"; };
		84E98F231B7450C60022D47D /* SDWebImageManager.m */ = {isa = PBXFileReference; fileEncoding = 4; lastKnownFileType = sourcecode.c.objc; path = SDWebImageManager.m; sourceTree = "<group>"; };
		84E98F241B7450C60022D47D /* SDWebImageOperation.h */ = {isa = PBXFileReference; fileEncoding = 4; lastKnownFileType = sourcecode.c.h; path = SDWebImageOperation.h; sourceTree = "<group>"; };
		84E98F251B7450C60022D47D /* SDWebImagePrefetcher.h */ = {isa = PBXFileReference; fileEncoding = 4; lastKnownFileType = sourcecode.c.h; path = SDWebImagePrefetcher.h; sourceTree = "<group>"; };
		84E98F261B7450C60022D47D /* SDWebImagePrefetcher.m */ = {isa = PBXFileReference; fileEncoding = 4; lastKnownFileType = sourcecode.c.objc; path = SDWebImagePrefetcher.m; sourceTree = "<group>"; };
		84E98F271B7450C60022D47D /* UIButton+WebCache.h */ = {isa = PBXFileReference; fileEncoding = 4; lastKnownFileType = sourcecode.c.h; path = "UIButton+WebCache.h"; sourceTree = "<group>"; };
		84E98F281B7450C60022D47D /* UIButton+WebCache.m */ = {isa = PBXFileReference; fileEncoding = 4; lastKnownFileType = sourcecode.c.objc; path = "UIButton+WebCache.m"; sourceTree = "<group>"; };
		84E98F291B7450C60022D47D /* UIImage+GIF.h */ = {isa = PBXFileReference; fileEncoding = 4; lastKnownFileType = sourcecode.c.h; path = "UIImage+GIF.h"; sourceTree = "<group>"; };
		84E98F2A1B7450C60022D47D /* UIImage+GIF.m */ = {isa = PBXFileReference; fileEncoding = 4; lastKnownFileType = sourcecode.c.objc; path = "UIImage+GIF.m"; sourceTree = "<group>"; };
		84E98F2B1B7450C60022D47D /* UIImage+MultiFormat.h */ = {isa = PBXFileReference; fileEncoding = 4; lastKnownFileType = sourcecode.c.h; path = "UIImage+MultiFormat.h"; sourceTree = "<group>"; };
		84E98F2C1B7450C60022D47D /* UIImage+MultiFormat.m */ = {isa = PBXFileReference; fileEncoding = 4; lastKnownFileType = sourcecode.c.objc; path = "UIImage+MultiFormat.m"; sourceTree = "<group>"; };
		84E98F2D1B7450C60022D47D /* UIImage+WebP.h */ = {isa = PBXFileReference; fileEncoding = 4; lastKnownFileType = sourcecode.c.h; path = "UIImage+WebP.h"; sourceTree = "<group>"; };
		84E98F2E1B7450C60022D47D /* UIImage+WebP.m */ = {isa = PBXFileReference; fileEncoding = 4; lastKnownFileType = sourcecode.c.objc; path = "UIImage+WebP.m"; sourceTree = "<group>"; };
		84E98F2F1B7450C60022D47D /* UIImageView+HighlightedWebCache.h */ = {isa = PBXFileReference; fileEncoding = 4; lastKnownFileType = sourcecode.c.h; path = "UIImageView+HighlightedWebCache.h"; sourceTree = "<group>"; };
		84E98F301B7450C60022D47D /* UIImageView+HighlightedWebCache.m */ = {isa = PBXFileReference; fileEncoding = 4; lastKnownFileType = sourcecode.c.objc; path = "UIImageView+HighlightedWebCache.m"; sourceTree = "<group>"; };
		84E98F311B7450C60022D47D /* UIImageView+WebCache.h */ = {isa = PBXFileReference; fileEncoding = 4; lastKnownFileType = sourcecode.c.h; path = "UIImageView+WebCache.h"; sourceTree = "<group>"; };
		84E98F321B7450C60022D47D /* UIImageView+WebCache.m */ = {isa = PBXFileReference; fileEncoding = 4; lastKnownFileType = sourcecode.c.objc; path = "UIImageView+WebCache.m"; sourceTree = "<group>"; };
		84E98F331B7450C60022D47D /* UIView+WebCacheOperation.h */ = {isa = PBXFileReference; fileEncoding = 4; lastKnownFileType = sourcecode.c.h; path = "UIView+WebCacheOperation.h"; sourceTree = "<group>"; };
		84E98F341B7450C60022D47D /* UIView+WebCacheOperation.m */ = {isa = PBXFileReference; fileEncoding = 4; lastKnownFileType = sourcecode.c.objc; path = "UIView+WebCacheOperation.m"; sourceTree = "<group>"; };
		84EEB5FF1B60BC78008E7731 /* UIBarButtonItem+LQExtension.h */ = {isa = PBXFileReference; fileEncoding = 4; lastKnownFileType = sourcecode.c.h; path = "UIBarButtonItem+LQExtension.h"; sourceTree = "<group>"; };
		84EEB6001B60BC78008E7731 /* UIBarButtonItem+LQExtension.m */ = {isa = PBXFileReference; fileEncoding = 4; lastKnownFileType = sourcecode.c.objc; path = "UIBarButtonItem+LQExtension.m"; sourceTree = "<group>"; };
		84EFEA5E1B5CC6670049D6FA /* 美发沙龙网.app */ = {isa = PBXFileReference; explicitFileType = wrapper.application; includeInIndex = 0; path = "美发沙龙网.app"; sourceTree = BUILT_PRODUCTS_DIR; };
		84EFEA621B5CC6670049D6FA /* Info.plist */ = {isa = PBXFileReference; lastKnownFileType = text.plist.xml; path = Info.plist; sourceTree = "<group>"; };
		84EFEA691B5CC6670049D6FA /* _____.xcdatamodel */ = {isa = PBXFileReference; lastKnownFileType = wrapper.xcdatamodel; path = "_____.xcdatamodel"; sourceTree = "<group>"; };
		84EFEA711B5CC6670049D6FA /* Images.xcassets */ = {isa = PBXFileReference; lastKnownFileType = folder.assetcatalog; path = Images.xcassets; sourceTree = "<group>"; };
		84EFEA7A1B5CC6670049D6FA /* 美发沙龙网Tests.xctest */ = {isa = PBXFileReference; explicitFileType = wrapper.cfbundle; includeInIndex = 0; path = "美发沙龙网Tests.xctest"; sourceTree = BUILT_PRODUCTS_DIR; };
		84EFEA7F1B5CC6670049D6FA /* Info.plist */ = {isa = PBXFileReference; lastKnownFileType = text.plist.xml; path = Info.plist; sourceTree = "<group>"; };
		84EFEA801B5CC6670049D6FA /* _____Tests.m */ = {isa = PBXFileReference; lastKnownFileType = sourcecode.c.objc; path = "_____Tests.m"; sourceTree = "<group>"; };
		84F3CA731B5F283400DD44A9 /* LQNewRecommendVC.h */ = {isa = PBXFileReference; fileEncoding = 4; lastKnownFileType = sourcecode.c.h; path = LQNewRecommendVC.h; sourceTree = "<group>"; };
		84F3CA741B5F283400DD44A9 /* LQNewRecommendVC.m */ = {isa = PBXFileReference; fileEncoding = 4; lastKnownFileType = sourcecode.c.objc; path = LQNewRecommendVC.m; sourceTree = "<group>"; };
		84F3CA751B5F283400DD44A9 /* LQNewRecommendVC.xib */ = {isa = PBXFileReference; fileEncoding = 4; lastKnownFileType = file.xib; path = LQNewRecommendVC.xib; sourceTree = "<group>"; };
		84F3CA781B5F284E00DD44A9 /* LQCommunityVC.h */ = {isa = PBXFileReference; fileEncoding = 4; lastKnownFileType = sourcecode.c.h; path = LQCommunityVC.h; sourceTree = "<group>"; };
		84F3CA791B5F284E00DD44A9 /* LQCommunityVC.m */ = {isa = PBXFileReference; fileEncoding = 4; lastKnownFileType = sourcecode.c.objc; path = LQCommunityVC.m; sourceTree = "<group>"; };
		84F3CA7A1B5F284E00DD44A9 /* LQCommunityVC.xib */ = {isa = PBXFileReference; fileEncoding = 4; lastKnownFileType = file.xib; path = LQCommunityVC.xib; sourceTree = "<group>"; };
		84F3CA7D1B5F287100DD44A9 /* LQPersonalCenterVC.h */ = {isa = PBXFileReference; fileEncoding = 4; lastKnownFileType = sourcecode.c.h; path = LQPersonalCenterVC.h; sourceTree = "<group>"; };
		84F3CA7E1B5F287100DD44A9 /* LQPersonalCenterVC.m */ = {isa = PBXFileReference; fileEncoding = 4; lastKnownFileType = sourcecode.c.objc; path = LQPersonalCenterVC.m; sourceTree = "<group>"; };
		84F3CA821B5F2BE300DD44A9 /* MeiFaShaLong.pch */ = {isa = PBXFileReference; fileEncoding = 4; lastKnownFileType = sourcecode.c.h; path = MeiFaShaLong.pch; sourceTree = "<group>"; };
		84F3CA831B5F36CE00DD44A9 /* LQTabBarController.h */ = {isa = PBXFileReference; fileEncoding = 4; lastKnownFileType = sourcecode.c.h; path = LQTabBarController.h; sourceTree = "<group>"; };
		84F3CA841B5F36CE00DD44A9 /* LQTabBarController.m */ = {isa = PBXFileReference; fileEncoding = 4; lastKnownFileType = sourcecode.c.objc; path = LQTabBarController.m; sourceTree = "<group>"; };
		84F3CA861B5F3F2E00DD44A9 /* LQBaseViewController.h */ = {isa = PBXFileReference; fileEncoding = 4; lastKnownFileType = sourcecode.c.h; path = LQBaseViewController.h; sourceTree = "<group>"; };
		84F3CA871B5F3F2E00DD44A9 /* LQBaseViewController.m */ = {isa = PBXFileReference; fileEncoding = 4; lastKnownFileType = sourcecode.c.objc; path = LQBaseViewController.m; sourceTree = "<group>"; };
		84F3CA891B5F3F4E00DD44A9 /* LQInformationVC.h */ = {isa = PBXFileReference; fileEncoding = 4; lastKnownFileType = sourcecode.c.h; path = LQInformationVC.h; sourceTree = "<group>"; };
		84F3CA8A1B5F3F4E00DD44A9 /* LQInformationVC.m */ = {isa = PBXFileReference; fileEncoding = 4; lastKnownFileType = sourcecode.c.objc; path = LQInformationVC.m; sourceTree = "<group>"; };
		D546A3DC1B5FBE8D0003A581 /* LQHomeRollingScrollView.h */ = {isa = PBXFileReference; fileEncoding = 4; lastKnownFileType = sourcecode.c.h; path = LQHomeRollingScrollView.h; sourceTree = "<group>"; };
		D546A3DD1B5FBE8D0003A581 /* LQHomeRollingScrollView.m */ = {isa = PBXFileReference; fileEncoding = 4; lastKnownFileType = sourcecode.c.objc; path = LQHomeRollingScrollView.m; sourceTree = "<group>"; };
		D546A3DF1B5FBEB40003A581 /* LQHomeModularView.h */ = {isa = PBXFileReference; fileEncoding = 4; lastKnownFileType = sourcecode.c.h; path = LQHomeModularView.h; sourceTree = "<group>"; };
		D546A3E01B5FBEB40003A581 /* LQHomeModularView.m */ = {isa = PBXFileReference; fileEncoding = 4; lastKnownFileType = sourcecode.c.objc; path = LQHomeModularView.m; sourceTree = "<group>"; };
		D546A4191B5FCECC0003A581 /* UIView+Extension.h */ = {isa = PBXFileReference; fileEncoding = 4; lastKnownFileType = sourcecode.c.h; path = "UIView+Extension.h"; sourceTree = "<group>"; };
		D546A41A1B5FCECC0003A581 /* UIView+Extension.m */ = {isa = PBXFileReference; fileEncoding = 4; lastKnownFileType = sourcecode.c.objc; path = "UIView+Extension.m"; sourceTree = "<group>"; };
		D56FC3491B764E8D00862568 /* LQNewsWebVC.h */ = {isa = PBXFileReference; fileEncoding = 4; lastKnownFileType = sourcecode.c.h; path = LQNewsWebVC.h; sourceTree = "<group>"; };
		D56FC34A1B764E8D00862568 /* LQNewsWebVC.m */ = {isa = PBXFileReference; fileEncoding = 4; lastKnownFileType = sourcecode.c.objc; path = LQNewsWebVC.m; sourceTree = "<group>"; };
/* End PBXFileReference section */

/* Begin PBXFrameworksBuildPhase section */
		84EFEA5B1B5CC6670049D6FA /* Frameworks */ = {
			isa = PBXFrameworksBuildPhase;
			buildActionMask = 2147483647;
			files = (
			);
			runOnlyForDeploymentPostprocessing = 0;
		};
		84EFEA771B5CC6670049D6FA /* Frameworks */ = {
			isa = PBXFrameworksBuildPhase;
			buildActionMask = 2147483647;
			files = (
			);
			runOnlyForDeploymentPostprocessing = 0;
		};
/* End PBXFrameworksBuildPhase section */

/* Begin PBXGroup section */
		840A005F1B72ED99007F7E78 /* AFNetworking */ = {
			isa = PBXGroup;
			children = (
				840A00601B72ED99007F7E78 /* AFHTTPRequestOperation.h */,
				840A00611B72ED99007F7E78 /* AFHTTPRequestOperation.m */,
				840A00621B72ED99007F7E78 /* AFHTTPRequestOperationManager.h */,
				840A00631B72ED99007F7E78 /* AFHTTPRequestOperationManager.m */,
				840A00641B72ED99007F7E78 /* AFHTTPSessionManager.h */,
				840A00651B72ED99007F7E78 /* AFHTTPSessionManager.m */,
				840A00661B72ED99007F7E78 /* AFNetworking.h */,
				840A00671B72ED99007F7E78 /* AFNetworkReachabilityManager.h */,
				840A00681B72ED99007F7E78 /* AFNetworkReachabilityManager.m */,
				840A00691B72ED99007F7E78 /* AFSecurityPolicy.h */,
				840A006A1B72ED99007F7E78 /* AFSecurityPolicy.m */,
				840A006B1B72ED99007F7E78 /* AFURLConnectionOperation.h */,
				840A006C1B72ED99007F7E78 /* AFURLConnectionOperation.m */,
				840A006D1B72ED99007F7E78 /* AFURLRequestSerialization.h */,
				840A006E1B72ED99007F7E78 /* AFURLRequestSerialization.m */,
				840A006F1B72ED99007F7E78 /* AFURLResponseSerialization.h */,
				840A00701B72ED99007F7E78 /* AFURLResponseSerialization.m */,
				840A00711B72ED99007F7E78 /* AFURLSessionManager.h */,
				840A00721B72ED99007F7E78 /* AFURLSessionManager.m */,
			);
			path = AFNetworking;
			sourceTree = "<group>";
		};
		840A00731B72ED99007F7E78 /* MJExtension */ = {
			isa = PBXGroup;
			children = (
				840A00741B72ED99007F7E78 /* MJExtension.h */,
				840A00751B72ED99007F7E78 /* MJExtensionConst.h */,
				840A00761B72ED99007F7E78 /* MJExtensionConst.m */,
				840A00771B72ED99007F7E78 /* MJFoundation.h */,
				840A00781B72ED99007F7E78 /* MJFoundation.m */,
				840A00791B72ED99007F7E78 /* MJProperty.h */,
				840A007A1B72ED99007F7E78 /* MJProperty.m */,
				840A007B1B72ED99007F7E78 /* MJType.h */,
				840A007C1B72ED99007F7E78 /* MJType.m */,
				840A007D1B72ED99007F7E78 /* NSObject+MJCoding.h */,
				840A007E1B72ED99007F7E78 /* NSObject+MJCoding.m */,
				840A007F1B72ED99007F7E78 /* NSObject+MJKeyValue.h */,
				840A00801B72ED99007F7E78 /* NSObject+MJKeyValue.m */,
				840A00811B72ED9A007F7E78 /* NSObject+MJProperty.h */,
				840A00821B72ED9A007F7E78 /* NSObject+MJProperty.m */,
				840A00831B72ED9A007F7E78 /* NSString+MJExtension.h */,
				840A00841B72ED9A007F7E78 /* NSString+MJExtension.m */,
			);
			path = MJExtension;
			sourceTree = "<group>";
		};
		840F652B1B6F428C0024B11A /* LeftSlideViewController */ = {
			isa = PBXGroup;
			children = (
				840F652C1B6F428C0024B11A /* LeftSlideViewController.h */,
				840F652D1B6F428C0024B11A /* LeftSlideViewController.m */,
				840F652E1B6F428C0024B11A /* UIView_extra.h */,
				840F652F1B6F428C0024B11A /* UIView_extra.m */,
			);
			path = LeftSlideViewController;
			sourceTree = "<group>";
		};
		8452437B1B69CB8D006E8E26 /* NewFeature(新特性) */ = {
			isa = PBXGroup;
			children = (
				8452437C1B69CB8D006E8E26 /* Controller */,
			);
			path = "NewFeature(新特性)";
			sourceTree = "<group>";
		};
		8452437C1B69CB8D006E8E26 /* Controller */ = {
			isa = PBXGroup;
			children = (
				8452437D1B69CBC2006E8E26 /* LQNewFeatureVC.h */,
				8452437E1B69CBC2006E8E26 /* LQNewFeatureVC.m */,
				8452437F1B69CBC2006E8E26 /* LQNewFeatureVC.xib */,
			);
			path = Controller;
			sourceTree = "<group>";
		};
		84835C141B72FC7C001859E9 /* Model */ = {
			isa = PBXGroup;
			children = (
				84835C481B734770001859E9 /* NewsList */,
				84835C3E1B7343DB001859E9 /* NewsClass */,
			);
			path = Model;
			sourceTree = "<group>";
		};
		84835C181B72FF2C001859E9 /* TouchJSON */ = {
			isa = PBXGroup;
			children = (
				84835C191B72FF2C001859E9 /* CJSONDeserializer.h */,
				84835C1A1B72FF2C001859E9 /* CJSONDeserializer.m */,
				84835C1B1B72FF2C001859E9 /* CJSONSerializer.h */,
				84835C1C1B72FF2C001859E9 /* CJSONSerializer.m */,
				84835C1D1B72FF2C001859E9 /* JSONRepresentation.h */,
				84835C1E1B72FF2C001859E9 /* NSDictionary_JSONExtensions.h */,
				84835C1F1B72FF2C001859E9 /* NSDictionary_JSONExtensions.m */,
			);
			path = TouchJSON;
			sourceTree = "<group>";
		};
		84835C3E1B7343DB001859E9 /* NewsClass */ = {
			isa = PBXGroup;
			children = (
				84835C2F1B733AC7001859E9 /* LQNewsClass.h */,
				84835C301B733AC7001859E9 /* LQNewsClass.m */,
				84835C321B733B38001859E9 /* LQNewsClassData.h */,
				84835C331B733B38001859E9 /* LQNewsClassData.m */,
				84835C351B733B97001859E9 /* LQNewsClassId.h */,
				84835C361B733B97001859E9 /* LQNewsClassId.m */,
				84835C381B733C2F001859E9 /* LQNewsBClass.h */,
				84835C391B733C2F001859E9 /* LQNewsBClass.m */,
				84835C3B1B733C40001859E9 /* LQNewsSonClass.h */,
				84835C3C1B733C40001859E9 /* LQNewsSonClass.m */,
			);
			name = NewsClass;
			sourceTree = "<group>";
		};
		84835C481B734770001859E9 /* NewsList */ = {
			isa = PBXGroup;
			children = (
				84835C151B72FC89001859E9 /* LQNewsList.h */,
				84835C161B72FC89001859E9 /* LQNewsList.m */,
				84835C451B734666001859E9 /* LQNewsListContent.h */,
				84835C461B734666001859E9 /* LQNewsListContent.m */,
			);
			name = NewsList;
			sourceTree = "<group>";
		};
		84CEF0561B5E36F00017D798 /* Classes */ = {
			isa = PBXGroup;
			children = (
				84CEF0601B5E36F00017D798 /* Main(主要) */,
				8452437B1B69CB8D006E8E26 /* NewFeature(新特性) */,
				84CEF05B1B5E36F00017D798 /* Login(登录) */,
				84CEF06A1B5E36F00017D798 /* Meun(菜单) */,
				84CEF0571B5E36F00017D798 /* Home(首页) */,
				84F3CA6B1B5F27E900DD44A9 /* NewRecommend(最新推荐) */,
				84F3CA671B5F27E900DD44A9 /* Community(社区) */,
				84F3CA6F1B5F27E900DD44A9 /* PersonalCenter(个人中心) */,
			);
			path = Classes;
			sourceTree = "<group>";
		};
		84CEF0571B5E36F00017D798 /* Home(首页) */ = {
			isa = PBXGroup;
			children = (
				84835C141B72FC7C001859E9 /* Model */,
				84CEF08A1B5E399F0017D798 /* Controller */,
				D546A3D01B5FB69E0003A581 /* View */,
			);
			path = "Home(首页)";
			sourceTree = "<group>";
		};
		84CEF05B1B5E36F00017D798 /* Login(登录) */ = {
			isa = PBXGroup;
			children = (
				84CEF05C1B5E36F00017D798 /* Controller */,
				84CEF0901B5E39E70017D798 /* Model */,
				84CEF0911B5E39E70017D798 /* View */,
			);
			path = "Login(登录)";
			sourceTree = "<group>";
		};
		84CEF05C1B5E36F00017D798 /* Controller */ = {
			isa = PBXGroup;
			children = (
				840F65261B6F3C6A0024B11A /* LQLoginVC.h */,
				840F65271B6F3C6A0024B11A /* LQLoginVC.m */,
				840F65281B6F3C6A0024B11A /* LQLoginVC.xib */,
				840F65351B6F63060024B11A /* LQRegisteredAccountVC.h */,
				840F65361B6F63060024B11A /* LQRegisteredAccountVC.m */,
				840F65371B6F63060024B11A /* LQRegisteredAccountVC.xib */,
			);
			path = Controller;
			sourceTree = "<group>";
		};
		84CEF0601B5E36F00017D798 /* Main(主要) */ = {
			isa = PBXGroup;
			children = (
				D546A4181B5FCECC0003A581 /* Category */,
				84CEF0651B5E36F00017D798 /* Other */,
				84CEF0631B5E36F00017D798 /* Lib(第三方库) */,
				84CEF0621B5E36F00017D798 /* Controller */,
				84CEF0641B5E36F00017D798 /* Model */,
				84CEF0691B5E36F00017D798 /* View */,
			);
			path = "Main(主要)";
			sourceTree = "<group>";
		};
		84CEF0621B5E36F00017D798 /* Controller */ = {
			isa = PBXGroup;
			children = (
				84F3CA831B5F36CE00DD44A9 /* LQTabBarController.h */,
				84F3CA841B5F36CE00DD44A9 /* LQTabBarController.m */,
				84F3CA861B5F3F2E00DD44A9 /* LQBaseViewController.h */,
				84F3CA871B5F3F2E00DD44A9 /* LQBaseViewController.m */,
				84E2DBBD1B5F6A730068423C /* LQNavigationController.h */,
				84E2DBBE1B5F6A730068423C /* LQNavigationController.m */,
				84E81EF71B66218F0089A0A7 /* LQTableViewController.h */,
				84E81EF81B66218F0089A0A7 /* LQTableViewController.m */,
				840F65321B6F567C0024B11A /* LQOneLevelBaseVC.h */,
				840F65331B6F567C0024B11A /* LQOneLevelBaseVC.m */,
			);
			path = Controller;
			sourceTree = "<group>";
		};
		84CEF0631B5E36F00017D798 /* Lib(第三方库) */ = {
			isa = PBXGroup;
			children = (
				84E98F131B7450C60022D47D /* SDWebImage */,
				84835C181B72FF2C001859E9 /* TouchJSON */,
				840A005F1B72ED99007F7E78 /* AFNetworking */,
				840A00731B72ED99007F7E78 /* MJExtension */,
				840F652B1B6F428C0024B11A /* LeftSlideViewController */,
				84DF63021B5F873C00B3BF63 /* Masonry */,
			);
			path = "Lib(第三方库)";
			sourceTree = "<group>";
		};
		84CEF0641B5E36F00017D798 /* Model */ = {
			isa = PBXGroup;
			children = (
			);
			path = Model;
			sourceTree = "<group>";
		};
		84CEF0651B5E36F00017D798 /* Other */ = {
			isa = PBXGroup;
			children = (
				84CEF0661B5E36F00017D798 /* AppDelegate.h */,
				84CEF0671B5E36F00017D798 /* AppDelegate.m */,
				84CEF0681B5E36F00017D798 /* main.m */,
			);
			path = Other;
			sourceTree = "<group>";
		};
		84CEF0691B5E36F00017D798 /* View */ = {
			isa = PBXGroup;
			children = (
			);
			path = View;
			sourceTree = "<group>";
		};
		84CEF06A1B5E36F00017D798 /* Meun(菜单) */ = {
			isa = PBXGroup;
			children = (
				84CEF06F1B5E36F00017D798 /* Model */,
				84CEF0701B5E36F00017D798 /* View */,
				84CEF06B1B5E36F00017D798 /* Controller */,
			);
			path = "Meun(菜单)";
			sourceTree = "<group>";
		};
		84CEF06B1B5E36F00017D798 /* Controller */ = {
			isa = PBXGroup;
			children = (
				84CEF0801B5E38FA0017D798 /* LQLeftMeunVC.h */,
				84CEF0811B5E38FA0017D798 /* LQLeftMeunVC.m */,
			);
			path = Controller;
			sourceTree = "<group>";
		};
		84CEF06F1B5E36F00017D798 /* Model */ = {
			isa = PBXGroup;
			children = (
			);
			path = Model;
			sourceTree = "<group>";
		};
		84CEF0701B5E36F00017D798 /* View */ = {
			isa = PBXGroup;
			children = (
				84E81EFA1B66278D0089A0A7 /* LQMeunTableViewCell.h */,
				84E81EFB1B66278D0089A0A7 /* LQMeunTableViewCell.m */,
			);
			path = View;
			sourceTree = "<group>";
		};
		84CEF08A1B5E399F0017D798 /* Controller */ = {
			isa = PBXGroup;
			children = (
				84CEF08B1B5E39BC0017D798 /* LQHomeVC.h */,
				84CEF08C1B5E39BC0017D798 /* LQHomeVC.m */,
				84F3CA891B5F3F4E00DD44A9 /* LQInformationVC.h */,
				84F3CA8A1B5F3F4E00DD44A9 /* LQInformationVC.m */,
				8408BCD01B75E93700C73932 /* LQNewsListVC.h */,
				8408BCD11B75E93700C73932 /* LQNewsListVC.m */,
				D56FC3491B764E8D00862568 /* LQNewsWebVC.h */,
				D56FC34A1B764E8D00862568 /* LQNewsWebVC.m */,
			);
			path = Controller;
			sourceTree = "<group>";
		};
		84CEF0901B5E39E70017D798 /* Model */ = {
			isa = PBXGroup;
			children = (
			);
			path = Model;
			sourceTree = "<group>";
		};
		84CEF0911B5E39E70017D798 /* View */ = {
			isa = PBXGroup;
			children = (
			);
			path = View;
			sourceTree = "<group>";
		};
		84DF63021B5F873C00B3BF63 /* Masonry */ = {
			isa = PBXGroup;
			children = (
				84DF63031B5F873C00B3BF63 /* MASCompositeConstraint.h */,
				84DF63041B5F873C00B3BF63 /* MASCompositeConstraint.m */,
				84DF63051B5F873C00B3BF63 /* MASConstraint+Private.h */,
				84DF63061B5F873C00B3BF63 /* MASConstraint.h */,
				84DF63071B5F873C00B3BF63 /* MASConstraint.m */,
				84DF63081B5F873C00B3BF63 /* MASConstraintMaker.h */,
				84DF63091B5F873C00B3BF63 /* MASConstraintMaker.m */,
				84DF630A1B5F873C00B3BF63 /* MASLayoutConstraint.h */,
				84DF630B1B5F873C00B3BF63 /* MASLayoutConstraint.m */,
				84DF630C1B5F873C00B3BF63 /* Masonry.h */,
				84DF630D1B5F873C00B3BF63 /* MASUtilities.h */,
				84DF630E1B5F873C00B3BF63 /* MASViewAttribute.h */,
				84DF630F1B5F873C00B3BF63 /* MASViewAttribute.m */,
				84DF63101B5F873C00B3BF63 /* MASViewConstraint.h */,
				84DF63111B5F873C00B3BF63 /* MASViewConstraint.m */,
				84DF63121B5F873C00B3BF63 /* NSArray+MASAdditions.h */,
				84DF63131B5F873C00B3BF63 /* NSArray+MASAdditions.m */,
				84DF63141B5F873C00B3BF63 /* NSArray+MASShorthandAdditions.h */,
				84DF63151B5F873C00B3BF63 /* NSLayoutConstraint+MASDebugAdditions.h */,
				84DF63161B5F873C00B3BF63 /* NSLayoutConstraint+MASDebugAdditions.m */,
				84DF63171B5F873C00B3BF63 /* View+MASAdditions.h */,
				84DF63181B5F873C00B3BF63 /* View+MASAdditions.m */,
				84DF63191B5F873C00B3BF63 /* View+MASShorthandAdditions.h */,
			);
			path = Masonry;
			sourceTree = "<group>";
		};
		84E98F131B7450C60022D47D /* SDWebImage */ = {
			isa = PBXGroup;
			children = (
				84E98F141B7450C60022D47D /* MKAnnotationView+WebCache.h */,
				84E98F151B7450C60022D47D /* MKAnnotationView+WebCache.m */,
				84E98F161B7450C60022D47D /* NSData+ImageContentType.h */,
				84E98F171B7450C60022D47D /* NSData+ImageContentType.m */,
				84E98F181B7450C60022D47D /* SDImageCache.h */,
				84E98F191B7450C60022D47D /* SDImageCache.m */,
				84E98F1A1B7450C60022D47D /* SDWebImageCompat.h */,
				84E98F1B1B7450C60022D47D /* SDWebImageCompat.m */,
				84E98F1C1B7450C60022D47D /* SDWebImageDecoder.h */,
				84E98F1D1B7450C60022D47D /* SDWebImageDecoder.m */,
				84E98F1E1B7450C60022D47D /* SDWebImageDownloader.h */,
				84E98F1F1B7450C60022D47D /* SDWebImageDownloader.m */,
				84E98F201B7450C60022D47D /* SDWebImageDownloaderOperation.h */,
				84E98F211B7450C60022D47D /* SDWebImageDownloaderOperation.m */,
				84E98F221B7450C60022D47D /* SDWebImageManager.h */,
				84E98F231B7450C60022D47D /* SDWebImageManager.m */,
				84E98F241B7450C60022D47D /* SDWebImageOperation.h */,
				84E98F251B7450C60022D47D /* SDWebImagePrefetcher.h */,
				84E98F261B7450C60022D47D /* SDWebImagePrefetcher.m */,
				84E98F271B7450C60022D47D /* UIButton+WebCache.h */,
				84E98F281B7450C60022D47D /* UIButton+WebCache.m */,
				84E98F291B7450C60022D47D /* UIImage+GIF.h */,
				84E98F2A1B7450C60022D47D /* UIImage+GIF.m */,
				84E98F2B1B7450C60022D47D /* UIImage+MultiFormat.h */,
				84E98F2C1B7450C60022D47D /* UIImage+MultiFormat.m */,
				84E98F2D1B7450C60022D47D /* UIImage+WebP.h */,
				84E98F2E1B7450C60022D47D /* UIImage+WebP.m */,
				84E98F2F1B7450C60022D47D /* UIImageView+HighlightedWebCache.h */,
				84E98F301B7450C60022D47D /* UIImageView+HighlightedWebCache.m */,
				84E98F311B7450C60022D47D /* UIImageView+WebCache.h */,
				84E98F321B7450C60022D47D /* UIImageView+WebCache.m */,
				84E98F331B7450C60022D47D /* UIView+WebCacheOperation.h */,
				84E98F341B7450C60022D47D /* UIView+WebCacheOperation.m */,
			);
			path = SDWebImage;
			sourceTree = "<group>";
		};
		84EFEA551B5CC6670049D6FA = {
			isa = PBXGroup;
			children = (
				84EFEA601B5CC6670049D6FA /* 美发沙龙网 */,
				84EFEA7D1B5CC6670049D6FA /* 美发沙龙网Tests */,
				84EFEA5F1B5CC6670049D6FA /* Products */,
			);
			sourceTree = "<group>";
		};
		84EFEA5F1B5CC6670049D6FA /* Products */ = {
			isa = PBXGroup;
			children = (
				84EFEA5E1B5CC6670049D6FA /* 美发沙龙网.app */,
				84EFEA7A1B5CC6670049D6FA /* 美发沙龙网Tests.xctest */,
			);
			name = Products;
			sourceTree = "<group>";
		};
		84EFEA601B5CC6670049D6FA /* 美发沙龙网 */ = {
			isa = PBXGroup;
			children = (
				84CEF0561B5E36F00017D798 /* Classes */,
				84EFEA611B5CC6670049D6FA /* Supporting Files */,
			);
			path = "美发沙龙网";
			sourceTree = "<group>";
		};
		84EFEA611B5CC6670049D6FA /* Supporting Files */ = {
			isa = PBXGroup;
			children = (
				84EFEA711B5CC6670049D6FA /* Images.xcassets */,
				84EFEA681B5CC6670049D6FA /* _____.xcdatamodeld */,
				84EFEA621B5CC6670049D6FA /* Info.plist */,
				84F3CA821B5F2BE300DD44A9 /* MeiFaShaLong.pch */,
			);
			name = "Supporting Files";
			sourceTree = "<group>";
		};
		84EFEA7D1B5CC6670049D6FA /* 美发沙龙网Tests */ = {
			isa = PBXGroup;
			children = (
				84EFEA801B5CC6670049D6FA /* _____Tests.m */,
				84EFEA7E1B5CC6670049D6FA /* Supporting Files */,
			);
			path = "美发沙龙网Tests";
			sourceTree = "<group>";
		};
		84EFEA7E1B5CC6670049D6FA /* Supporting Files */ = {
			isa = PBXGroup;
			children = (
				84EFEA7F1B5CC6670049D6FA /* Info.plist */,
			);
			name = "Supporting Files";
			sourceTree = "<group>";
		};
		84F3CA671B5F27E900DD44A9 /* Community(社区) */ = {
			isa = PBXGroup;
			children = (
				84F3CA681B5F27E900DD44A9 /* Controller */,
				84F3CA691B5F27E900DD44A9 /* Model */,
				84F3CA6A1B5F27E900DD44A9 /* View */,
			);
			path = "Community(社区)";
			sourceTree = "<group>";
		};
		84F3CA681B5F27E900DD44A9 /* Controller */ = {
			isa = PBXGroup;
			children = (
				84F3CA781B5F284E00DD44A9 /* LQCommunityVC.h */,
				84F3CA791B5F284E00DD44A9 /* LQCommunityVC.m */,
				84F3CA7A1B5F284E00DD44A9 /* LQCommunityVC.xib */,
			);
			path = Controller;
			sourceTree = "<group>";
		};
		84F3CA691B5F27E900DD44A9 /* Model */ = {
			isa = PBXGroup;
			children = (
			);
			path = Model;
			sourceTree = "<group>";
		};
		84F3CA6A1B5F27E900DD44A9 /* View */ = {
			isa = PBXGroup;
			children = (
			);
			path = View;
			sourceTree = "<group>";
		};
		84F3CA6B1B5F27E900DD44A9 /* NewRecommend(最新推荐) */ = {
			isa = PBXGroup;
			children = (
				84F3CA6C1B5F27E900DD44A9 /* Controller */,
				84F3CA6D1B5F27E900DD44A9 /* Model */,
				84F3CA6E1B5F27E900DD44A9 /* View */,
			);
			path = "NewRecommend(最新推荐)";
			sourceTree = "<group>";
		};
		84F3CA6C1B5F27E900DD44A9 /* Controller */ = {
			isa = PBXGroup;
			children = (
				84F3CA731B5F283400DD44A9 /* LQNewRecommendVC.h */,
				84F3CA741B5F283400DD44A9 /* LQNewRecommendVC.m */,
				84F3CA751B5F283400DD44A9 /* LQNewRecommendVC.xib */,
			);
			path = Controller;
			sourceTree = "<group>";
		};
		84F3CA6D1B5F27E900DD44A9 /* Model */ = {
			isa = PBXGroup;
			children = (
			);
			path = Model;
			sourceTree = "<group>";
		};
		84F3CA6E1B5F27E900DD44A9 /* View */ = {
			isa = PBXGroup;
			children = (
			);
			path = View;
			sourceTree = "<group>";
		};
		84F3CA6F1B5F27E900DD44A9 /* PersonalCenter(个人中心) */ = {
			isa = PBXGroup;
			children = (
				84F3CA701B5F27E900DD44A9 /* Controller */,
				84F3CA711B5F27E900DD44A9 /* Model */,
				84F3CA721B5F27E900DD44A9 /* View */,
			);
			path = "PersonalCenter(个人中心)";
			sourceTree = "<group>";
		};
		84F3CA701B5F27E900DD44A9 /* Controller */ = {
			isa = PBXGroup;
			children = (
				84F3CA7D1B5F287100DD44A9 /* LQPersonalCenterVC.h */,
				84F3CA7E1B5F287100DD44A9 /* LQPersonalCenterVC.m */,
			);
			path = Controller;
			sourceTree = "<group>";
		};
		84F3CA711B5F27E900DD44A9 /* Model */ = {
			isa = PBXGroup;
			children = (
			);
			path = Model;
			sourceTree = "<group>";
		};
		84F3CA721B5F27E900DD44A9 /* View */ = {
			isa = PBXGroup;
			children = (
			);
			path = View;
			sourceTree = "<group>";
		};
		D546A3D01B5FB69E0003A581 /* View */ = {
			isa = PBXGroup;
			children = (
				D546A3DC1B5FBE8D0003A581 /* LQHomeRollingScrollView.h */,
				D546A3DD1B5FBE8D0003A581 /* LQHomeRollingScrollView.m */,
				8417A77C1B607CD700B80F54 /* LQHomePageControlView.h */,
				8417A77D1B607CD700B80F54 /* LQHomePageControlView.m */,
				849709A31B63816C00C497B6 /* LQHomeRollingView.h */,
				849709A41B63816C00C497B6 /* LQHomeRollingView.m */,
				D546A3DF1B5FBEB40003A581 /* LQHomeModularView.h */,
				D546A3E01B5FBEB40003A581 /* LQHomeModularView.m */,
				849709A61B6389CD00C497B6 /* LQInformationBtnGroupView.h */,
				849709A71B6389CD00C497B6 /* LQInformationBtnGroupView.m */,
				84E81EF21B65DD890089A0A7 /* LQInformationTableViewCell.h */,
				84E81EF31B65DD890089A0A7 /* LQInformationTableViewCell.m */,
			);
			path = View;
			sourceTree = "<group>";
		};
		D546A4181B5FCECC0003A581 /* Category */ = {
			isa = PBXGroup;
			children = (
				D546A4191B5FCECC0003A581 /* UIView+Extension.h */,
				D546A41A1B5FCECC0003A581 /* UIView+Extension.m */,
				84EEB5FF1B60BC78008E7731 /* UIBarButtonItem+LQExtension.h */,
				84EEB6001B60BC78008E7731 /* UIBarButtonItem+LQExtension.m */,
				84AA3D251B61E474003A5E73 /* UIButton+LQExtension.h */,
				84AA3D261B61E474003A5E73 /* UIButton+LQExtension.m */,
				849709971B632FD400C497B6 /* NSString+LQExtension.h */,
				849709981B632FD400C497B6 /* NSString+LQExtension.m */,
				849709A01B63719500C497B6 /* UIImage+LQExtension.h */,
				849709A11B63719500C497B6 /* UIImage+LQExtension.m */,
				847C0C9B1B6B66DD00340448 /* UIColor+LQExtension.h */,
				847C0C9C1B6B66DD00340448 /* UIColor+LQExtension.m */,
			);
			path = Category;
			sourceTree = "<group>";
		};
/* End PBXGroup section */

/* Begin PBXNativeTarget section */
		84EFEA5D1B5CC6670049D6FA /* 美发沙龙网 */ = {
			isa = PBXNativeTarget;
			buildConfigurationList = 84EFEA841B5CC6670049D6FA /* Build configuration list for PBXNativeTarget "美发沙龙网" */;
			buildPhases = (
				84EFEA5A1B5CC6670049D6FA /* Sources */,
				84EFEA5B1B5CC6670049D6FA /* Frameworks */,
				84EFEA5C1B5CC6670049D6FA /* Resources */,
			);
			buildRules = (
			);
			dependencies = (
			);
			name = "美发沙龙网";
			productName = "美发沙龙网";
			productReference = 84EFEA5E1B5CC6670049D6FA /* 美发沙龙网.app */;
			productType = "com.apple.product-type.application";
		};
		84EFEA791B5CC6670049D6FA /* 美发沙龙网Tests */ = {
			isa = PBXNativeTarget;
			buildConfigurationList = 84EFEA871B5CC6670049D6FA /* Build configuration list for PBXNativeTarget "美发沙龙网Tests" */;
			buildPhases = (
				84EFEA761B5CC6670049D6FA /* Sources */,
				84EFEA771B5CC6670049D6FA /* Frameworks */,
				84EFEA781B5CC6670049D6FA /* Resources */,
			);
			buildRules = (
			);
			dependencies = (
				84EFEA7C1B5CC6670049D6FA /* PBXTargetDependency */,
			);
			name = "美发沙龙网Tests";
			productName = "美发沙龙网Tests";
			productReference = 84EFEA7A1B5CC6670049D6FA /* 美发沙龙网Tests.xctest */;
			productType = "com.apple.product-type.bundle.unit-test";
		};
/* End PBXNativeTarget section */

/* Begin PBXProject section */
		84EFEA561B5CC6670049D6FA /* Project object */ = {
			isa = PBXProject;
			attributes = {
				CLASSPREFIX = LQ;
				LastUpgradeCheck = 0640;
				ORGANIZATIONNAME = "美发沙龙网";
				TargetAttributes = {
					84EFEA5D1B5CC6670049D6FA = {
						CreatedOnToolsVersion = 6.4;
					};
					84EFEA791B5CC6670049D6FA = {
						CreatedOnToolsVersion = 6.4;
						TestTargetID = 84EFEA5D1B5CC6670049D6FA;
					};
				};
			};
			buildConfigurationList = 84EFEA591B5CC6670049D6FA /* Build configuration list for PBXProject "美发沙龙网" */;
			compatibilityVersion = "Xcode 3.2";
			developmentRegion = English;
			hasScannedForEncodings = 0;
			knownRegions = (
				en,
				Base,
			);
			mainGroup = 84EFEA551B5CC6670049D6FA;
			productRefGroup = 84EFEA5F1B5CC6670049D6FA /* Products */;
			projectDirPath = "";
			projectRoot = "";
			targets = (
				84EFEA5D1B5CC6670049D6FA /* 美发沙龙网 */,
				84EFEA791B5CC6670049D6FA /* 美发沙龙网Tests */,
			);
		};
/* End PBXProject section */

/* Begin PBXResourcesBuildPhase section */
		84EFEA5C1B5CC6670049D6FA /* Resources */ = {
			isa = PBXResourcesBuildPhase;
			buildActionMask = 2147483647;
			files = (
				84F3CA7C1B5F284E00DD44A9 /* LQCommunityVC.xib in Resources */,
				840F65391B6F63060024B11A /* LQRegisteredAccountVC.xib in Resources */,
				84EFEA721B5CC6670049D6FA /* Images.xcassets in Resources */,
				840F652A1B6F3C6A0024B11A /* LQLoginVC.xib in Resources */,
				845243811B69CBC2006E8E26 /* LQNewFeatureVC.xib in Resources */,
				84F3CA771B5F283400DD44A9 /* LQNewRecommendVC.xib in Resources */,
			);
			runOnlyForDeploymentPostprocessing = 0;
		};
		84EFEA781B5CC6670049D6FA /* Resources */ = {
			isa = PBXResourcesBuildPhase;
			buildActionMask = 2147483647;
			files = (
			);
			runOnlyForDeploymentPostprocessing = 0;
		};
/* End PBXResourcesBuildPhase section */

/* Begin PBXSourcesBuildPhase section */
		84EFEA5A1B5CC6670049D6FA /* Sources */ = {
			isa = PBXSourcesBuildPhase;
			buildActionMask = 2147483647;
			files = (
				84DF631B1B5F873C00B3BF63 /* MASConstraint.m in Sources */,
				84E98F411B7450C60022D47D /* UIImage+WebP.m in Sources */,
				84E81EF91B66218F0089A0A7 /* LQTableViewController.m in Sources */,
				84E98F391B7450C60022D47D /* SDWebImageDecoder.m in Sources */,
				84835C3A1B733C2F001859E9 /* LQNewsBClass.m in Sources */,
				84835C371B733B97001859E9 /* LQNewsClassId.m in Sources */,
				840A00881B72ED9A007F7E78 /* AFNetworkReachabilityManager.m in Sources */,
				840A00951B72ED9A007F7E78 /* NSString+MJExtension.m in Sources */,
				849709A21B63719500C497B6 /* UIImage+LQExtension.m in Sources */,
				84E98F3D1B7450C60022D47D /* SDWebImagePrefetcher.m in Sources */,
				840A00851B72ED9A007F7E78 /* AFHTTPRequestOperation.m in Sources */,
				840A008E1B72ED9A007F7E78 /* MJExtensionConst.m in Sources */,
				84835C211B72FF2C001859E9 /* CJSONSerializer.m in Sources */,
				845243801B69CBC2006E8E26 /* LQNewFeatureVC.m in Sources */,
				84E98F3A1B7450C60022D47D /* SDWebImageDownloader.m in Sources */,
				840F65311B6F428C0024B11A /* UIView_extra.m in Sources */,
				84F3CA881B5F3F2E00DD44A9 /* LQBaseViewController.m in Sources */,
				840A00861B72ED9A007F7E78 /* AFHTTPRequestOperationManager.m in Sources */,
				847C0C9D1B6B66DD00340448 /* UIColor+LQExtension.m in Sources */,
				84E98F431B7450C60022D47D /* UIImageView+WebCache.m in Sources */,
				840A008D1B72ED9A007F7E78 /* AFURLSessionManager.m in Sources */,
				84835C201B72FF2C001859E9 /* CJSONDeserializer.m in Sources */,
				84E98F351B7450C60022D47D /* MKAnnotationView+WebCache.m in Sources */,
				84E81EFD1B66278D0089A0A7 /* LQMeunTableViewCell.m in Sources */,
				84E98F3B1B7450C60022D47D /* SDWebImageDownloaderOperation.m in Sources */,
				8408BCD21B75E93700C73932 /* LQNewsListVC.m in Sources */,
				84EEB6011B60BC78008E7731 /* UIBarButtonItem+LQExtension.m in Sources */,
				84835C341B733B38001859E9 /* LQNewsClassData.m in Sources */,
				84EFEA6A1B5CC6670049D6FA /* _____.xcdatamodeld in Sources */,
				84E2DBBF1B5F6A730068423C /* LQNavigationController.m in Sources */,
				840F65301B6F428C0024B11A /* LeftSlideViewController.m in Sources */,
				849709991B632FD400C497B6 /* NSString+LQExtension.m in Sources */,
				84DF631A1B5F873C00B3BF63 /* MASCompositeConstraint.m in Sources */,
				84835C311B733AC7001859E9 /* LQNewsClass.m in Sources */,
				84CEF0741B5E36F00017D798 /* main.m in Sources */,
				84E98F401B7450C60022D47D /* UIImage+MultiFormat.m in Sources */,
				84DF631C1B5F873C00B3BF63 /* MASConstraintMaker.m in Sources */,
				84DF63221B5F873C00B3BF63 /* View+MASAdditions.m in Sources */,
				840A00871B72ED9A007F7E78 /* AFHTTPSessionManager.m in Sources */,
				84CEF0731B5E36F00017D798 /* AppDelegate.m in Sources */,
				84E98F421B7450C60022D47D /* UIImageView+HighlightedWebCache.m in Sources */,
				D56FC34B1B764E8D00862568 /* LQNewsWebVC.m in Sources */,
				D546A3DE1B5FBE8E0003A581 /* LQHomeRollingScrollView.m in Sources */,
				84E81EF51B65DD890089A0A7 /* LQInformationTableViewCell.m in Sources */,
				840A00941B72ED9A007F7E78 /* NSObject+MJProperty.m in Sources */,
				840F65341B6F567C0024B11A /* LQOneLevelBaseVC.m in Sources */,
				84E98F371B7450C60022D47D /* SDImageCache.m in Sources */,
				840F65291B6F3C6A0024B11A /* LQLoginVC.m in Sources */,
				84DF631E1B5F873C00B3BF63 /* MASViewAttribute.m in Sources */,
				84F3CA7B1B5F284E00DD44A9 /* LQCommunityVC.m in Sources */,
				84DF63211B5F873C00B3BF63 /* NSLayoutConstraint+MASDebugAdditions.m in Sources */,
				840A00931B72ED9A007F7E78 /* NSObject+MJKeyValue.m in Sources */,
				840A00901B72ED9A007F7E78 /* MJProperty.m in Sources */,
				84CEF0831B5E38FA0017D798 /* LQLeftMeunVC.m in Sources */,
				84E98F441B7450C60022D47D /* UIView+WebCacheOperation.m in Sources */,
				D546A41B1B5FCECC0003A581 /* UIView+Extension.m in Sources */,
				849709A81B6389CD00C497B6 /* LQInformationBtnGroupView.m in Sources */,
				84835C3D1B733C40001859E9 /* LQNewsSonClass.m in Sources */,
				840A00891B72ED9A007F7E78 /* AFSecurityPolicy.m in Sources */,
				840A00911B72ED9A007F7E78 /* MJType.m in Sources */,
				84E98F381B7450C60022D47D /* SDWebImageCompat.m in Sources */,
				84E98F3C1B7450C60022D47D /* SDWebImageManager.m in Sources */,
				84835C221B72FF2C001859E9 /* NSDictionary_JSONExtensions.m in Sources */,
				84F3CA851B5F36CE00DD44A9 /* LQTabBarController.m in Sources */,
				840A008C1B72ED9A007F7E78 /* AFURLResponseSerialization.m in Sources */,
				84F3CA801B5F287100DD44A9 /* LQPersonalCenterVC.m in Sources */,
				84835C471B734666001859E9 /* LQNewsListContent.m in Sources */,
				840A008A1B72ED9A007F7E78 /* AFURLConnectionOperation.m in Sources */,
				84E98F3E1B7450C60022D47D /* UIButton+WebCache.m in Sources */,
				840A00921B72ED9A007F7E78 /* NSObject+MJCoding.m in Sources */,
				840F65381B6F63060024B11A /* LQRegisteredAccountVC.m in Sources */,
				84DF63201B5F873C00B3BF63 /* NSArray+MASAdditions.m in Sources */,
				849709A51B63816C00C497B6 /* LQHomeRollingView.m in Sources */,
				840A008B1B72ED9A007F7E78 /* AFURLRequestSerialization.m in Sources */,
				8417A77E1B607CD700B80F54 /* LQHomePageControlView.m in Sources */,
				84E98F361B7450C60022D47D /* NSData+ImageContentType.m in Sources */,
				84DF631F1B5F873C00B3BF63 /* MASViewConstraint.m in Sources */,
				D546A3E11B5FBEB40003A581 /* LQHomeModularView.m in Sources */,
				84AA3D271B61E474003A5E73 /* UIButton+LQExtension.m in Sources */,
				84CEF08E1B5E39BC0017D798 /* LQHomeVC.m in Sources */,
				84F3CA8C1B5F3F4E00DD44A9 /* LQInformationVC.m in Sources */,
				84E98F3F1B7450C60022D47D /* UIImage+GIF.m in Sources */,
				84DF631D1B5F873C00B3BF63 /* MASLayoutConstraint.m in Sources */,
				84F3CA761B5F283400DD44A9 /* LQNewRecommendVC.m in Sources */,
				840A008F1B72ED9A007F7E78 /* MJFoundation.m in Sources */,
				84835C171B72FC89001859E9 /* LQNewsList.m in Sources */,
			);
			runOnlyForDeploymentPostprocessing = 0;
		};
		84EFEA761B5CC6670049D6FA /* Sources */ = {
			isa = PBXSourcesBuildPhase;
			buildActionMask = 2147483647;
			files = (
				84EFEA811B5CC6670049D6FA /* _____Tests.m in Sources */,
			);
			runOnlyForDeploymentPostprocessing = 0;
		};
/* End PBXSourcesBuildPhase section */

/* Begin PBXTargetDependency section */
		84EFEA7C1B5CC6670049D6FA /* PBXTargetDependency */ = {
			isa = PBXTargetDependency;
			target = 84EFEA5D1B5CC6670049D6FA /* 美发沙龙网 */;
			targetProxy = 84EFEA7B1B5CC6670049D6FA /* PBXContainerItemProxy */;
		};
/* End PBXTargetDependency section */

/* Begin XCBuildConfiguration section */
		84EFEA821B5CC6670049D6FA /* Debug */ = {
			isa = XCBuildConfiguration;
			buildSettings = {
				ALWAYS_SEARCH_USER_PATHS = NO;
				CLANG_CXX_LANGUAGE_STANDARD = "gnu++0x";
				CLANG_CXX_LIBRARY = "libc++";
				CLANG_ENABLE_MODULES = YES;
				CLANG_ENABLE_OBJC_ARC = YES;
				CLANG_WARN_BOOL_CONVERSION = YES;
				CLANG_WARN_CONSTANT_CONVERSION = YES;
				CLANG_WARN_DIRECT_OBJC_ISA_USAGE = YES_ERROR;
				CLANG_WARN_EMPTY_BODY = YES;
				CLANG_WARN_ENUM_CONVERSION = YES;
				CLANG_WARN_INT_CONVERSION = YES;
				CLANG_WARN_OBJC_ROOT_CLASS = YES_ERROR;
				CLANG_WARN_UNREACHABLE_CODE = YES;
				CLANG_WARN__DUPLICATE_METHOD_MATCH = YES;
				"CODE_SIGN_IDENTITY[sdk=iphoneos*]" = "iPhone Developer";
				COPY_PHASE_STRIP = NO;
				DEBUG_INFORMATION_FORMAT = "dwarf-with-dsym";
				ENABLE_STRICT_OBJC_MSGSEND = YES;
				GCC_C_LANGUAGE_STANDARD = gnu99;
				GCC_DYNAMIC_NO_PIC = NO;
				GCC_NO_COMMON_BLOCKS = YES;
				GCC_OPTIMIZATION_LEVEL = 0;
				GCC_PREPROCESSOR_DEFINITIONS = (
					"DEBUG=1",
					"$(inherited)",
				);
				GCC_SYMBOLS_PRIVATE_EXTERN = NO;
				GCC_WARN_64_TO_32_BIT_CONVERSION = YES;
				GCC_WARN_ABOUT_RETURN_TYPE = YES_ERROR;
				GCC_WARN_UNDECLARED_SELECTOR = YES;
				GCC_WARN_UNINITIALIZED_AUTOS = YES_AGGRESSIVE;
				GCC_WARN_UNUSED_FUNCTION = YES;
				GCC_WARN_UNUSED_VARIABLE = YES;
				IPHONEOS_DEPLOYMENT_TARGET = 8.4;
				MTL_ENABLE_DEBUG_INFO = YES;
				ONLY_ACTIVE_ARCH = YES;
				PROVISIONING_PROFILE = "721effb3-19c7-45ec-91a9-61766fb4a88a";
				SDKROOT = iphoneos;
			};
			name = Debug;
		};
		84EFEA831B5CC6670049D6FA /* Release */ = {
			isa = XCBuildConfiguration;
			buildSettings = {
				ALWAYS_SEARCH_USER_PATHS = NO;
				CLANG_CXX_LANGUAGE_STANDARD = "gnu++0x";
				CLANG_CXX_LIBRARY = "libc++";
				CLANG_ENABLE_MODULES = YES;
				CLANG_ENABLE_OBJC_ARC = YES;
				CLANG_WARN_BOOL_CONVERSION = YES;
				CLANG_WARN_CONSTANT_CONVERSION = YES;
				CLANG_WARN_DIRECT_OBJC_ISA_USAGE = YES_ERROR;
				CLANG_WARN_EMPTY_BODY = YES;
				CLANG_WARN_ENUM_CONVERSION = YES;
				CLANG_WARN_INT_CONVERSION = YES;
				CLANG_WARN_OBJC_ROOT_CLASS = YES_ERROR;
				CLANG_WARN_UNREACHABLE_CODE = YES;
				CLANG_WARN__DUPLICATE_METHOD_MATCH = YES;
				"CODE_SIGN_IDENTITY[sdk=iphoneos*]" = "iPhone Developer";
				COPY_PHASE_STRIP = NO;
				DEBUG_INFORMATION_FORMAT = "dwarf-with-dsym";
				ENABLE_NS_ASSERTIONS = NO;
				ENABLE_STRICT_OBJC_MSGSEND = YES;
				GCC_C_LANGUAGE_STANDARD = gnu99;
				GCC_NO_COMMON_BLOCKS = YES;
				GCC_WARN_64_TO_32_BIT_CONVERSION = YES;
				GCC_WARN_ABOUT_RETURN_TYPE = YES_ERROR;
				GCC_WARN_UNDECLARED_SELECTOR = YES;
				GCC_WARN_UNINITIALIZED_AUTOS = YES_AGGRESSIVE;
				GCC_WARN_UNUSED_FUNCTION = YES;
				GCC_WARN_UNUSED_VARIABLE = YES;
				IPHONEOS_DEPLOYMENT_TARGET = 8.4;
				MTL_ENABLE_DEBUG_INFO = NO;
				PROVISIONING_PROFILE = "721effb3-19c7-45ec-91a9-61766fb4a88a";
				SDKROOT = iphoneos;
				VALIDATE_PRODUCT = YES;
			};
			name = Release;
		};
		84EFEA851B5CC6670049D6FA /* Debug */ = {
			isa = XCBuildConfiguration;
			buildSettings = {
				ASSETCATALOG_COMPILER_APPICON_NAME = AppIcon;
				ASSETCATALOG_COMPILER_LAUNCHIMAGE_NAME = LaunchImage;
				GCC_PREFIX_HEADER = "美发沙龙网/MeiFaShaLong.pch";
				INFOPLIST_FILE = "美发沙龙网/Info.plist";
				IPHONEOS_DEPLOYMENT_TARGET = 7.0;
				LD_RUNPATH_SEARCH_PATHS = "$(inherited) @executable_path/Frameworks";
				PRODUCT_NAME = "$(TARGET_NAME)";
				PROVISIONING_PROFILE = "721effb3-19c7-45ec-91a9-61766fb4a88a";
			};
			name = Debug;
		};
		84EFEA861B5CC6670049D6FA /* Release */ = {
			isa = XCBuildConfiguration;
			buildSettings = {
				ASSETCATALOG_COMPILER_APPICON_NAME = AppIcon;
				ASSETCATALOG_COMPILER_LAUNCHIMAGE_NAME = LaunchImage;
				GCC_PREFIX_HEADER = "美发沙龙网/MeiFaShaLong.pch";
				INFOPLIST_FILE = "美发沙龙网/Info.plist";
				IPHONEOS_DEPLOYMENT_TARGET = 7.0;
				LD_RUNPATH_SEARCH_PATHS = "$(inherited) @executable_path/Frameworks";
				PRODUCT_NAME = "$(TARGET_NAME)";
				PROVISIONING_PROFILE = "721effb3-19c7-45ec-91a9-61766fb4a88a";
			};
			name = Release;
		};
		84EFEA881B5CC6670049D6FA /* Debug */ = {
			isa = XCBuildConfiguration;
			buildSettings = {
				BUNDLE_LOADER = "$(TEST_HOST)";
				FRAMEWORK_SEARCH_PATHS = (
					"$(SDKROOT)/Developer/Library/Frameworks",
					"$(inherited)",
				);
				GCC_PREPROCESSOR_DEFINITIONS = (
					"DEBUG=1",
					"$(inherited)",
				);
				INFOPLIST_FILE = "美发沙龙网Tests/Info.plist";
				LD_RUNPATH_SEARCH_PATHS = "$(inherited) @executable_path/Frameworks @loader_path/Frameworks";
				PRODUCT_NAME = "$(TARGET_NAME)";
				PROVISIONING_PROFILE = "721effb3-19c7-45ec-91a9-61766fb4a88a";
				TEST_HOST = "$(BUILT_PRODUCTS_DIR)/美发沙龙网.app/美发沙龙网";
			};
			name = Debug;
		};
		84EFEA891B5CC6670049D6FA /* Release */ = {
			isa = XCBuildConfiguration;
			buildSettings = {
				BUNDLE_LOADER = "$(TEST_HOST)";
				FRAMEWORK_SEARCH_PATHS = (
					"$(SDKROOT)/Developer/Library/Frameworks",
					"$(inherited)",
				);
				INFOPLIST_FILE = "美发沙龙网Tests/Info.plist";
				LD_RUNPATH_SEARCH_PATHS = "$(inherited) @executable_path/Frameworks @loader_path/Frameworks";
				PRODUCT_NAME = "$(TARGET_NAME)";
				PROVISIONING_PROFILE = "721effb3-19c7-45ec-91a9-61766fb4a88a";
				TEST_HOST = "$(BUILT_PRODUCTS_DIR)/美发沙龙网.app/美发沙龙网";
			};
			name = Release;
		};
/* End XCBuildConfiguration section */

/* Begin XCConfigurationList section */
		84EFEA591B5CC6670049D6FA /* Build configuration list for PBXProject "美发沙龙网" */ = {
			isa = XCConfigurationList;
			buildConfigurations = (
				84EFEA821B5CC6670049D6FA /* Debug */,
				84EFEA831B5CC6670049D6FA /* Release */,
			);
			defaultConfigurationIsVisible = 0;
			defaultConfigurationName = Release;
		};
		84EFEA841B5CC6670049D6FA /* Build configuration list for PBXNativeTarget "美发沙龙网" */ = {
			isa = XCConfigurationList;
			buildConfigurations = (
				84EFEA851B5CC6670049D6FA /* Debug */,
				84EFEA861B5CC6670049D6FA /* Release */,
			);
			defaultConfigurationIsVisible = 0;
			defaultConfigurationName = Release;
		};
		84EFEA871B5CC6670049D6FA /* Build configuration list for PBXNativeTarget "美发沙龙网Tests" */ = {
			isa = XCConfigurationList;
			buildConfigurations = (
				84EFEA881B5CC6670049D6FA /* Debug */,
				84EFEA891B5CC6670049D6FA /* Release */,
			);
			defaultConfigurationIsVisible = 0;
			defaultConfigurationName = Release;
		};
/* End XCConfigurationList section */

/* Begin XCVersionGroup section */
		84EFEA681B5CC6670049D6FA /* _____.xcdatamodeld */ = {
			isa = XCVersionGroup;
			children = (
				84EFEA691B5CC6670049D6FA /* _____.xcdatamodel */,
			);
			currentVersion = 84EFEA691B5CC6670049D6FA /* _____.xcdatamodel */;
			path = "_____.xcdatamodeld";
			sourceTree = "<group>";
			versionGroupType = wrapper.xcdatamodel;
		};
/* End XCVersionGroup section */
	};
	rootObject = 84EFEA561B5CC6670049D6FA /* Project object */;
}
